// !$*UTF8*$!
{
	archiveVersion = 1;
	classes = {
	};
	objectVersion = 55;
	objects = {

/* Begin PBXBuildFile section */
		C011DB3328606A3F00464535 /* TriggeringEvents.swift in Sources */ = {isa = PBXBuildFile; fileRef = C011DB3228606A3F00464535 /* TriggeringEvents.swift */; };
		C011DB3528606B1000464535 /* AppMoves.swift in Sources */ = {isa = PBXBuildFile; fileRef = C011DB3428606B1000464535 /* AppMoves.swift */; };
		C011DB3728606BEA00464535 /* SpecificAccessibility .swift in Sources */ = {isa = PBXBuildFile; fileRef = C011DB3628606BEA00464535 /* SpecificAccessibility .swift */; };
		C06993022865BDBB007BD91D /* HomeView.swift in Sources */ = {isa = PBXBuildFile; fileRef = C06993012865BDBB007BD91D /* HomeView.swift */; };
		C06993052865BDD4007BD91D /* HomeView-ViewModel.swift in Sources */ = {isa = PBXBuildFile; fileRef = C06993042865BDD4007BD91D /* HomeView-ViewModel.swift */; };
		C06993082865C030007BD91D /* Extensions.swift in Sources */ = {isa = PBXBuildFile; fileRef = C06993072865C030007BD91D /* Extensions.swift */; };
		C0C53BEE286474D50058F9D3 /* EditCards.swift in Sources */ = {isa = PBXBuildFile; fileRef = C0C53BED286474D50058F9D3 /* EditCards.swift */; };
		C0D4BBD22861B6990076152F /* Card.swift in Sources */ = {isa = PBXBuildFile; fileRef = C0D4BBD12861B6990076152F /* Card.swift */; };
		C0D4BBD42861B6C80076152F /* CardView.swift in Sources */ = {isa = PBXBuildFile; fileRef = C0D4BBD32861B6C80076152F /* CardView.swift */; };
		C0D4BBD62861B7470076152F /* MainView.swift in Sources */ = {isa = PBXBuildFile; fileRef = C0D4BBD52861B7470076152F /* MainView.swift */; };
		C0DE962C285F13AF004123CC /* FlashzillaApp.swift in Sources */ = {isa = PBXBuildFile; fileRef = C0DE962B285F13AF004123CC /* FlashzillaApp.swift */; };
		C0DE9630285F13B2004123CC /* Assets.xcassets in Resources */ = {isa = PBXBuildFile; fileRef = C0DE962F285F13B2004123CC /* Assets.xcassets */; };
		C0DE9633285F13B2004123CC /* Preview Assets.xcassets in Resources */ = {isa = PBXBuildFile; fileRef = C0DE9632285F13B2004123CC /* Preview Assets.xcassets */; };
		C0DE963D285F13F8004123CC /* UsingGestures.swift in Sources */ = {isa = PBXBuildFile; fileRef = C0DE963C285F13F8004123CC /* UsingGestures.swift */; };
		C0DE963F285F1918004123CC /* UsingHaptics.swift in Sources */ = {isa = PBXBuildFile; fileRef = C0DE963E285F1918004123CC /* UsingHaptics.swift */; };
		C0DE9641285F1BBE004123CC /* DisablingUserInteractivity.swift in Sources */ = {isa = PBXBuildFile; fileRef = C0DE9640285F1BBE004123CC /* DisablingUserInteractivity.swift */; };
/* End PBXBuildFile section */

/* Begin PBXFileReference section */
		C011DB3228606A3F00464535 /* TriggeringEvents.swift */ = {isa = PBXFileReference; lastKnownFileType = sourcecode.swift; path = TriggeringEvents.swift; sourceTree = "<group>"; };
		C011DB3428606B1000464535 /* AppMoves.swift */ = {isa = PBXFileReference; lastKnownFileType = sourcecode.swift; path = AppMoves.swift; sourceTree = "<group>"; };
		C011DB3628606BEA00464535 /* SpecificAccessibility .swift */ = {isa = PBXFileReference; lastKnownFileType = sourcecode.swift; path = "SpecificAccessibility .swift"; sourceTree = "<group>"; };
		C06993012865BDBB007BD91D /* HomeView.swift */ = {isa = PBXFileReference; lastKnownFileType = sourcecode.swift; path = HomeView.swift; sourceTree = "<group>"; };
		C06993042865BDD4007BD91D /* HomeView-ViewModel.swift */ = {isa = PBXFileReference; lastKnownFileType = sourcecode.swift; path = "HomeView-ViewModel.swift"; sourceTree = "<group>"; };
		C06993072865C030007BD91D /* Extensions.swift */ = {isa = PBXFileReference; lastKnownFileType = sourcecode.swift; path = Extensions.swift; sourceTree = "<group>"; };
		C0C53BED286474D50058F9D3 /* EditCards.swift */ = {isa = PBXFileReference; lastKnownFileType = sourcecode.swift; path = EditCards.swift; sourceTree = "<group>"; };
		C0D4BBD12861B6990076152F /* Card.swift */ = {isa = PBXFileReference; lastKnownFileType = sourcecode.swift; path = Card.swift; sourceTree = "<group>"; };
		C0D4BBD32861B6C80076152F /* CardView.swift */ = {isa = PBXFileReference; lastKnownFileType = sourcecode.swift; path = CardView.swift; sourceTree = "<group>"; };
		C0D4BBD52861B7470076152F /* MainView.swift */ = {isa = PBXFileReference; lastKnownFileType = sourcecode.swift; path = MainView.swift; sourceTree = "<group>"; };
		C0DE9628285F13AF004123CC /* Flashzilla.app */ = {isa = PBXFileReference; explicitFileType = wrapper.application; includeInIndex = 0; path = Flashzilla.app; sourceTree = BUILT_PRODUCTS_DIR; };
		C0DE962B285F13AF004123CC /* FlashzillaApp.swift */ = {isa = PBXFileReference; lastKnownFileType = sourcecode.swift; path = FlashzillaApp.swift; sourceTree = "<group>"; };
		C0DE962F285F13B2004123CC /* Assets.xcassets */ = {isa = PBXFileReference; lastKnownFileType = folder.assetcatalog; path = Assets.xcassets; sourceTree = "<group>"; };
		C0DE9632285F13B2004123CC /* Preview Assets.xcassets */ = {isa = PBXFileReference; lastKnownFileType = folder.assetcatalog; path = "Preview Assets.xcassets"; sourceTree = "<group>"; };
		C0DE963C285F13F8004123CC /* UsingGestures.swift */ = {isa = PBXFileReference; lastKnownFileType = sourcecode.swift; path = UsingGestures.swift; sourceTree = "<group>"; };
		C0DE963E285F1918004123CC /* UsingHaptics.swift */ = {isa = PBXFileReference; lastKnownFileType = sourcecode.swift; path = UsingHaptics.swift; sourceTree = "<group>"; };
		C0DE9640285F1BBE004123CC /* DisablingUserInteractivity.swift */ = {isa = PBXFileReference; lastKnownFileType = sourcecode.swift; path = DisablingUserInteractivity.swift; sourceTree = "<group>"; };
/* End PBXFileReference section */

/* Begin PBXFrameworksBuildPhase section */
		C0DE9625285F13AF004123CC /* Frameworks */ = {
			isa = PBXFrameworksBuildPhase;
			buildActionMask = 2147483647;
			files = (
			);
			runOnlyForDeploymentPostprocessing = 0;
		};
/* End PBXFrameworksBuildPhase section */

/* Begin PBXGroup section */
		C06992FB2865BC88007BD91D /* Views */ = {
			isa = PBXGroup;
			children = (
				C06993002865BDAC007BD91D /* Old */,
				C0D4BBD32861B6C80076152F /* CardView.swift */,
				C0C53BED286474D50058F9D3 /* EditCards.swift */,
				C06993012865BDBB007BD91D /* HomeView.swift */,
			);
			path = Views;
			sourceTree = "<group>";
		};
		C06992FC2865BC92007BD91D /* ViewModels */ = {
			isa = PBXGroup;
			children = (
				C06993042865BDD4007BD91D /* HomeView-ViewModel.swift */,
			);
			path = ViewModels;
			sourceTree = "<group>";
		};
		C06992FD2865BC97007BD91D /* Models */ = {
			isa = PBXGroup;
			children = (
				C0D4BBD12861B6990076152F /* Card.swift */,
			);
			path = Models;
			sourceTree = "<group>";
		};
		C06993002865BDAC007BD91D /* Old */ = {
			isa = PBXGroup;
			children = (
				C0D4BBD52861B7470076152F /* MainView.swift */,
			);
			path = Old;
			sourceTree = "<group>";
		};
		C06993062865C01E007BD91D /* Utils */ = {
			isa = PBXGroup;
			children = (
				C06993072865C030007BD91D /* Extensions.swift */,
			);
			path = Utils;
			sourceTree = "<group>";
		};
		C0DE961F285F13AF004123CC = {
			isa = PBXGroup;
			children = (
				C0DE962A285F13AF004123CC /* Flashzilla */,
				C0DE9629285F13AF004123CC /* Products */,
			);
			sourceTree = "<group>";
		};
		C0DE9629285F13AF004123CC /* Products */ = {
			isa = PBXGroup;
			children = (
				C0DE9628285F13AF004123CC /* Flashzilla.app */,
			);
			name = Products;
			sourceTree = "<group>";
		};
		C0DE962A285F13AF004123CC /* Flashzilla */ = {
			isa = PBXGroup;
			children = (
				C06993062865C01E007BD91D /* Utils */,
				C06992FD2865BC97007BD91D /* Models */,
				C06992FC2865BC92007BD91D /* ViewModels */,
				C06992FB2865BC88007BD91D /* Views */,
				C0DE9639285F13C7004123CC /* Tutorials */,
				C0DE962B285F13AF004123CC /* FlashzillaApp.swift */,
				C0DE962F285F13B2004123CC /* Assets.xcassets */,
				C0DE9631285F13B2004123CC /* Preview Content */,
			);
			path = Flashzilla;
			sourceTree = "<group>";
		};
		C0DE9631285F13B2004123CC /* Preview Content */ = {
			isa = PBXGroup;
			children = (
				C0DE9632285F13B2004123CC /* Preview Assets.xcassets */,
			);
			path = "Preview Content";
			sourceTree = "<group>";
		};
		C0DE9639285F13C7004123CC /* Tutorials */ = {
			isa = PBXGroup;
			children = (
				C0DE963C285F13F8004123CC /* UsingGestures.swift */,
				C0DE963E285F1918004123CC /* UsingHaptics.swift */,
				C0DE9640285F1BBE004123CC /* DisablingUserInteractivity.swift */,
				C011DB3228606A3F00464535 /* TriggeringEvents.swift */,
				C011DB3428606B1000464535 /* AppMoves.swift */,
				C011DB3628606BEA00464535 /* SpecificAccessibility .swift */,
			);
			path = Tutorials;
			sourceTree = "<group>";
		};
/* End PBXGroup section */

/* Begin PBXNativeTarget section */
		C0DE9627285F13AF004123CC /* Flashzilla */ = {
			isa = PBXNativeTarget;
			buildConfigurationList = C0DE9636285F13B2004123CC /* Build configuration list for PBXNativeTarget "Flashzilla" */;
			buildPhases = (
				C0DE9624285F13AF004123CC /* Sources */,
				C0DE9625285F13AF004123CC /* Frameworks */,
				C0DE9626285F13AF004123CC /* Resources */,
			);
			buildRules = (
			);
			dependencies = (
			);
			name = Flashzilla;
			productName = Flashzilla;
			productReference = C0DE9628285F13AF004123CC /* Flashzilla.app */;
			productType = "com.apple.product-type.application";
		};
/* End PBXNativeTarget section */

/* Begin PBXProject section */
		C0DE9620285F13AF004123CC /* Project object */ = {
			isa = PBXProject;
			attributes = {
				BuildIndependentTargetsInParallel = 1;
				LastSwiftUpdateCheck = 1340;
				LastUpgradeCheck = 1340;
				TargetAttributes = {
					C0DE9627285F13AF004123CC = {
						CreatedOnToolsVersion = 13.4.1;
					};
				};
			};
			buildConfigurationList = C0DE9623285F13AF004123CC /* Build configuration list for PBXProject "Flashzilla" */;
			compatibilityVersion = "Xcode 13.0";
			developmentRegion = en;
			hasScannedForEncodings = 0;
			knownRegions = (
				en,
				Base,
			);
			mainGroup = C0DE961F285F13AF004123CC;
			productRefGroup = C0DE9629285F13AF004123CC /* Products */;
			projectDirPath = "";
			projectRoot = "";
			targets = (
				C0DE9627285F13AF004123CC /* Flashzilla */,
			);
		};
/* End PBXProject section */

/* Begin PBXResourcesBuildPhase section */
		C0DE9626285F13AF004123CC /* Resources */ = {
			isa = PBXResourcesBuildPhase;
			buildActionMask = 2147483647;
			files = (
				C0DE9633285F13B2004123CC /* Preview Assets.xcassets in Resources */,
				C0DE9630285F13B2004123CC /* Assets.xcassets in Resources */,
			);
			runOnlyForDeploymentPostprocessing = 0;
		};
/* End PBXResourcesBuildPhase section */

/* Begin PBXSourcesBuildPhase section */
		C0DE9624285F13AF004123CC /* Sources */ = {
			isa = PBXSourcesBuildPhase;
			buildActionMask = 2147483647;
			files = (
				C011DB3528606B1000464535 /* AppMoves.swift in Sources */,
				C06993052865BDD4007BD91D /* HomeView-ViewModel.swift in Sources */,
				C06993022865BDBB007BD91D /* HomeView.swift in Sources */,
				C0D4BBD42861B6C80076152F /* CardView.swift in Sources */,
				C0C53BEE286474D50058F9D3 /* EditCards.swift in Sources */,
				C0DE9641285F1BBE004123CC /* DisablingUserInteractivity.swift in Sources */,
				C0D4BBD62861B7470076152F /* MainView.swift in Sources */,
				C0DE963F285F1918004123CC /* UsingHaptics.swift in Sources */,
				C0DE963D285F13F8004123CC /* UsingGestures.swift in Sources */,
				C06993082865C030007BD91D /* Extensions.swift in Sources */,
				C0DE962C285F13AF004123CC /* FlashzillaApp.swift in Sources */,
				C011DB3328606A3F00464535 /* TriggeringEvents.swift in Sources */,
				C011DB3728606BEA00464535 /* SpecificAccessibility .swift in Sources */,
				C0D4BBD22861B6990076152F /* Card.swift in Sources */,
			);
			runOnlyForDeploymentPostprocessing = 0;
		};
/* End PBXSourcesBuildPhase section */

/* Begin XCBuildConfiguration section */
		C0DE9634285F13B2004123CC /* Debug */ = {
			isa = XCBuildConfiguration;
			buildSettings = {
				ALWAYS_SEARCH_USER_PATHS = NO;
				CLANG_ANALYZER_NONNULL = YES;
				CLANG_ANALYZER_NUMBER_OBJECT_CONVERSION = YES_AGGRESSIVE;
				CLANG_CXX_LANGUAGE_STANDARD = "gnu++17";
				CLANG_ENABLE_MODULES = YES;
				CLANG_ENABLE_OBJC_ARC = YES;
				CLANG_ENABLE_OBJC_WEAK = YES;
				CLANG_WARN_BLOCK_CAPTURE_AUTORELEASING = YES;
				CLANG_WARN_BOOL_CONVERSION = YES;
				CLANG_WARN_COMMA = YES;
				CLANG_WARN_CONSTANT_CONVERSION = YES;
				CLANG_WARN_DEPRECATED_OBJC_IMPLEMENTATIONS = YES;
				CLANG_WARN_DIRECT_OBJC_ISA_USAGE = YES_ERROR;
				CLANG_WARN_DOCUMENTATION_COMMENTS = YES;
				CLANG_WARN_EMPTY_BODY = YES;
				CLANG_WARN_ENUM_CONVERSION = YES;
				CLANG_WARN_INFINITE_RECURSION = YES;
				CLANG_WARN_INT_CONVERSION = YES;
				CLANG_WARN_NON_LITERAL_NULL_CONVERSION = YES;
				CLANG_WARN_OBJC_IMPLICIT_RETAIN_SELF = YES;
				CLANG_WARN_OBJC_LITERAL_CONVERSION = YES;
				CLANG_WARN_OBJC_ROOT_CLASS = YES_ERROR;
				CLANG_WARN_QUOTED_INCLUDE_IN_FRAMEWORK_HEADER = YES;
				CLANG_WARN_RANGE_LOOP_ANALYSIS = YES;
				CLANG_WARN_STRICT_PROTOTYPES = YES;
				CLANG_WARN_SUSPICIOUS_MOVE = YES;
				CLANG_WARN_UNGUARDED_AVAILABILITY = YES_AGGRESSIVE;
				CLANG_WARN_UNREACHABLE_CODE = YES;
				CLANG_WARN__DUPLICATE_METHOD_MATCH = YES;
				COPY_PHASE_STRIP = NO;
				DEBUG_INFORMATION_FORMAT = dwarf;
				ENABLE_STRICT_OBJC_MSGSEND = YES;
				ENABLE_TESTABILITY = YES;
				GCC_C_LANGUAGE_STANDARD = gnu11;
				GCC_DYNAMIC_NO_PIC = NO;
				GCC_NO_COMMON_BLOCKS = YES;
				GCC_OPTIMIZATION_LEVEL = 0;
				GCC_PREPROCESSOR_DEFINITIONS = (
					"DEBUG=1",
					"$(inherited)",
				);
				GCC_WARN_64_TO_32_BIT_CONVERSION = YES;
				GCC_WARN_ABOUT_RETURN_TYPE = YES_ERROR;
				GCC_WARN_UNDECLARED_SELECTOR = YES;
				GCC_WARN_UNINITIALIZED_AUTOS = YES_AGGRESSIVE;
				GCC_WARN_UNUSED_FUNCTION = YES;
				GCC_WARN_UNUSED_VARIABLE = YES;
				IPHONEOS_DEPLOYMENT_TARGET = 15.5;
				MTL_ENABLE_DEBUG_INFO = INCLUDE_SOURCE;
				MTL_FAST_MATH = YES;
				ONLY_ACTIVE_ARCH = YES;
				SDKROOT = iphoneos;
				SWIFT_ACTIVE_COMPILATION_CONDITIONS = DEBUG;
				SWIFT_OPTIMIZATION_LEVEL = "-Onone";
			};
			name = Debug;
		};
		C0DE9635285F13B2004123CC /* Release */ = {
			isa = XCBuildConfiguration;
			buildSettings = {
				ALWAYS_SEARCH_USER_PATHS = NO;
				CLANG_ANALYZER_NONNULL = YES;
				CLANG_ANALYZER_NUMBER_OBJECT_CONVERSION = YES_AGGRESSIVE;
				CLANG_CXX_LANGUAGE_STANDARD = "gnu++17";
				CLANG_ENABLE_MODULES = YES;
				CLANG_ENABLE_OBJC_ARC = YES;
				CLANG_ENABLE_OBJC_WEAK = YES;
				CLANG_WARN_BLOCK_CAPTURE_AUTORELEASING = YES;
				CLANG_WARN_BOOL_CONVERSION = YES;
				CLANG_WARN_COMMA = YES;
				CLANG_WARN_CONSTANT_CONVERSION = YES;
				CLANG_WARN_DEPRECATED_OBJC_IMPLEMENTATIONS = YES;
				CLANG_WARN_DIRECT_OBJC_ISA_USAGE = YES_ERROR;
				CLANG_WARN_DOCUMENTATION_COMMENTS = YES;
				CLANG_WARN_EMPTY_BODY = YES;
				CLANG_WARN_ENUM_CONVERSION = YES;
				CLANG_WARN_INFINITE_RECURSION = YES;
				CLANG_WARN_INT_CONVERSION = YES;
				CLANG_WARN_NON_LITERAL_NULL_CONVERSION = YES;
				CLANG_WARN_OBJC_IMPLICIT_RETAIN_SELF = YES;
				CLANG_WARN_OBJC_LITERAL_CONVERSION = YES;
				CLANG_WARN_OBJC_ROOT_CLASS = YES_ERROR;
				CLANG_WARN_QUOTED_INCLUDE_IN_FRAMEWORK_HEADER = YES;
				CLANG_WARN_RANGE_LOOP_ANALYSIS = YES;
				CLANG_WARN_STRICT_PROTOTYPES = YES;
				CLANG_WARN_SUSPICIOUS_MOVE = YES;
				CLANG_WARN_UNGUARDED_AVAILABILITY = YES_AGGRESSIVE;
				CLANG_WARN_UNREACHABLE_CODE = YES;
				CLANG_WARN__DUPLICATE_METHOD_MATCH = YES;
				COPY_PHASE_STRIP = NO;
				DEBUG_INFORMATION_FORMAT = "dwarf-with-dsym";
				ENABLE_NS_ASSERTIONS = NO;
				ENABLE_STRICT_OBJC_MSGSEND = YES;
				GCC_C_LANGUAGE_STANDARD = gnu11;
				GCC_NO_COMMON_BLOCKS = YES;
				GCC_WARN_64_TO_32_BIT_CONVERSION = YES;
				GCC_WARN_ABOUT_RETURN_TYPE = YES_ERROR;
				GCC_WARN_UNDECLARED_SELECTOR = YES;
				GCC_WARN_UNINITIALIZED_AUTOS = YES_AGGRESSIVE;
				GCC_WARN_UNUSED_FUNCTION = YES;
				GCC_WARN_UNUSED_VARIABLE = YES;
				IPHONEOS_DEPLOYMENT_TARGET = 15.5;
				MTL_ENABLE_DEBUG_INFO = NO;
				MTL_FAST_MATH = YES;
				SDKROOT = iphoneos;
				SWIFT_COMPILATION_MODE = wholemodule;
				SWIFT_OPTIMIZATION_LEVEL = "-O";
				VALIDATE_PRODUCT = YES;
			};
			name = Release;
		};
		C0DE9637285F13B2004123CC /* Debug */ = {
			isa = XCBuildConfiguration;
			buildSettings = {
				ASSETCATALOG_COMPILER_APPICON_NAME = AppIcon;
				ASSETCATALOG_COMPILER_GLOBAL_ACCENT_COLOR_NAME = AccentColor;
				CODE_SIGN_STYLE = Automatic;
				CURRENT_PROJECT_VERSION = 1;
				DEVELOPMENT_ASSET_PATHS = "\"Flashzilla/Preview Content\"";
				DEVELOPMENT_TEAM = 6PALB6K8YY;
				ENABLE_PREVIEWS = YES;
				GENERATE_INFOPLIST_FILE = YES;
				INFOPLIST_KEY_UIApplicationSceneManifest_Generation = YES;
				INFOPLIST_KEY_UIApplicationSupportsIndirectInputEvents = YES;
				INFOPLIST_KEY_UILaunchScreen_Generation = YES;
				INFOPLIST_KEY_UISupportedInterfaceOrientations_iPad = "UIInterfaceOrientationPortrait UIInterfaceOrientationPortraitUpsideDown UIInterfaceOrientationLandscapeLeft UIInterfaceOrientationLandscapeRight";
				INFOPLIST_KEY_UISupportedInterfaceOrientations_iPhone = "UIInterfaceOrientationLandscapeLeft UIInterfaceOrientationLandscapeRight";
				LD_RUNPATH_SEARCH_PATHS = (
					"$(inherited)",
					"@executable_path/Frameworks",
				);
				MARKETING_VERSION = 1.0;
				PRODUCT_BUNDLE_IDENTIFIER = com.devmehmetates.Flashzilla;
				PRODUCT_NAME = "$(TARGET_NAME)";
				SWIFT_EMIT_LOC_STRINGS = YES;
				SWIFT_VERSION = 5.0;
				TARGETED_DEVICE_FAMILY = "1,2";
			};
			name = Debug;
		};
		C0DE9638285F13B2004123CC /* Release */ = {
			isa = XCBuildConfiguration;
			buildSettings = {
				ASSETCATALOG_COMPILER_APPICON_NAME = AppIcon;
				ASSETCATALOG_COMPILER_GLOBAL_ACCENT_COLOR_NAME = AccentColor;
				CODE_SIGN_STYLE = Automatic;
				CURRENT_PROJECT_VERSION = 1;
				DEVELOPMENT_ASSET_PATHS = "\"Flashzilla/Preview Content\"";
				DEVELOPMENT_TEAM = 6PALB6K8YY;
				ENABLE_PREVIEWS = YES;
				GENERATE_INFOPLIST_FILE = YES;
				INFOPLIST_KEY_UIApplicationSceneManifest_Generation = YES;
				INFOPLIST_KEY_UIApplicationSupportsIndirectInputEvents = YES;
				INFOPLIST_KEY_UILaunchScreen_Generation = YES;
				INFOPLIST_KEY_UISupportedInterfaceOrientations_iPad = "UIInterfaceOrientationPortrait UIInterfaceOrientationPortraitUpsideDown UIInterfaceOrientationLandscapeLeft UIInterfaceOrientationLandscapeRight";
				INFOPLIST_KEY_UISupportedInterfaceOrientations_iPhone = "UIInterfaceOrientationLandscapeLeft UIInterfaceOrientationLandscapeRight";
				LD_RUNPATH_SEARCH_PATHS = (
					"$(inherited)",
					"@executable_path/Frameworks",
				);
				MARKETING_VERSION = 1.0;
				PRODUCT_BUNDLE_IDENTIFIER = com.devmehmetates.Flashzilla;
				PRODUCT_NAME = "$(TARGET_NAME)";
				SWIFT_EMIT_LOC_STRINGS = YES;
				SWIFT_VERSION = 5.0;
				TARGETED_DEVICE_FAMILY = "1,2";
			};
			name = Release;
		};
/* End XCBuildConfiguration section */

/* Begin XCConfigurationList section */
		C0DE9623285F13AF004123CC /* Build configuration list for PBXProject "Flashzilla" */ = {
			isa = XCConfigurationList;
			buildConfigurations = (
				C0DE9634285F13B2004123CC /* Debug */,
				C0DE9635285F13B2004123CC /* Release */,
			);
			defaultConfigurationIsVisible = 0;
			defaultConfigurationName = Release;
		};
		C0DE9636285F13B2004123CC /* Build configuration list for PBXNativeTarget "Flashzilla" */ = {
			isa = XCConfigurationList;
			buildConfigurations = (
				C0DE9637285F13B2004123CC /* Debug */,
				C0DE9638285F13B2004123CC /* Release */,
			);
			defaultConfigurationIsVisible = 0;
			defaultConfigurationName = Release;
		};
/* End XCConfigurationList section */
	};
	rootObject = C0DE9620285F13AF004123CC /* Project object */;
}
