// !$*UTF8*$!
{
	archiveVersion = 1;
	classes = {
	};
	objectVersion = 56;
	objects = {

/* Begin PBXBuildFile section */
		C02CFA7B28509E610021C86F /* UsingSwiftUICharts.swift in Sources */ = {isa = PBXBuildFile; fileRef = C02CFA7A28509E610021C86F /* UsingSwiftUICharts.swift */; };
		C02CFA7D2850AC790021C86F /* UsingShareSheet.swift in Sources */ = {isa = PBXBuildFile; fileRef = C02CFA7C2850AC790021C86F /* UsingShareSheet.swift */; };
		C07EF37E284F5A9700E0C872 /* NewFeaturesOnSwiftUIApp.swift in Sources */ = {isa = PBXBuildFile; fileRef = C07EF37D284F5A9700E0C872 /* NewFeaturesOnSwiftUIApp.swift */; };
		C07EF382284F5A9800E0C872 /* Assets.xcassets in Resources */ = {isa = PBXBuildFile; fileRef = C07EF381284F5A9800E0C872 /* Assets.xcassets */; };
		C07EF385284F5A9800E0C872 /* Preview Assets.xcassets in Resources */ = {isa = PBXBuildFile; fileRef = C07EF384284F5A9800E0C872 /* Preview Assets.xcassets */; };
		C0F107D6284F5CCA00664877 /* UsignSheets.swift in Sources */ = {isa = PBXBuildFile; fileRef = C0F107D5284F5CCA00664877 /* UsignSheets.swift */; };
		C0F107D8284F5EF100664877 /* UsignFixedGrids.swift in Sources */ = {isa = PBXBuildFile; fileRef = C0F107D7284F5EF100664877 /* UsignFixedGrids.swift */; };
		C0F107DA284F603100664877 /* UsignDetectUserTouchLocation.swift in Sources */ = {isa = PBXBuildFile; fileRef = C0F107D9284F603100664877 /* UsignDetectUserTouchLocation.swift */; };
		C0F107DC284F607200664877 /* MainView.swift in Sources */ = {isa = PBXBuildFile; fileRef = C0F107DB284F607200664877 /* MainView.swift */; };
/* End PBXBuildFile section */

/* Begin PBXFileReference section */
		C02CFA7A28509E610021C86F /* UsingSwiftUICharts.swift */ = {isa = PBXFileReference; lastKnownFileType = sourcecode.swift; path = UsingSwiftUICharts.swift; sourceTree = "<group>"; };
		C02CFA7C2850AC790021C86F /* UsingShareSheet.swift */ = {isa = PBXFileReference; lastKnownFileType = sourcecode.swift; path = UsingShareSheet.swift; sourceTree = "<group>"; };
		C07EF37A284F5A9700E0C872 /* NewFeaturesOnSwiftUI.app */ = {isa = PBXFileReference; explicitFileType = wrapper.application; includeInIndex = 0; path = NewFeaturesOnSwiftUI.app; sourceTree = BUILT_PRODUCTS_DIR; };
		C07EF37D284F5A9700E0C872 /* NewFeaturesOnSwiftUIApp.swift */ = {isa = PBXFileReference; lastKnownFileType = sourcecode.swift; path = NewFeaturesOnSwiftUIApp.swift; sourceTree = "<group>"; };
		C07EF381284F5A9800E0C872 /* Assets.xcassets */ = {isa = PBXFileReference; lastKnownFileType = folder.assetcatalog; path = Assets.xcassets; sourceTree = "<group>"; };
		C07EF384284F5A9800E0C872 /* Preview Assets.xcassets */ = {isa = PBXFileReference; lastKnownFileType = folder.assetcatalog; path = "Preview Assets.xcassets"; sourceTree = "<group>"; };
		C0F107D5284F5CCA00664877 /* UsignSheets.swift */ = {isa = PBXFileReference; lastKnownFileType = sourcecode.swift; path = UsignSheets.swift; sourceTree = "<group>"; };
		C0F107D7284F5EF100664877 /* UsignFixedGrids.swift */ = {isa = PBXFileReference; lastKnownFileType = sourcecode.swift; path = UsignFixedGrids.swift; sourceTree = "<group>"; };
		C0F107D9284F603100664877 /* UsignDetectUserTouchLocation.swift */ = {isa = PBXFileReference; lastKnownFileType = sourcecode.swift; path = UsignDetectUserTouchLocation.swift; sourceTree = "<group>"; };
		C0F107DB284F607200664877 /* MainView.swift */ = {isa = PBXFileReference; lastKnownFileType = sourcecode.swift; path = MainView.swift; sourceTree = "<group>"; };
/* End PBXFileReference section */

/* Begin PBXFrameworksBuildPhase section */
		C07EF377284F5A9700E0C872 /* Frameworks */ = {
			isa = PBXFrameworksBuildPhase;
			buildActionMask = 2147483647;
			files = (
			);
			runOnlyForDeploymentPostprocessing = 0;
		};
/* End PBXFrameworksBuildPhase section */

/* Begin PBXGroup section */
		C07EF371284F5A9700E0C872 = {
			isa = PBXGroup;
			children = (
				C07EF37C284F5A9700E0C872 /* NewFeaturesOnSwiftUI */,
				C07EF37B284F5A9700E0C872 /* Products */,
			);
			sourceTree = "<group>";
		};
		C07EF37B284F5A9700E0C872 /* Products */ = {
			isa = PBXGroup;
			children = (
				C07EF37A284F5A9700E0C872 /* NewFeaturesOnSwiftUI.app */,
			);
			name = Products;
			sourceTree = "<group>";
		};
		C07EF37C284F5A9700E0C872 /* NewFeaturesOnSwiftUI */ = {
			isa = PBXGroup;
			children = (
				C07EF37D284F5A9700E0C872 /* NewFeaturesOnSwiftUIApp.swift */,
				C0F107DB284F607200664877 /* MainView.swift */,
				C0F107D5284F5CCA00664877 /* UsignSheets.swift */,
				C0F107D7284F5EF100664877 /* UsignFixedGrids.swift */,
				C0F107D9284F603100664877 /* UsignDetectUserTouchLocation.swift */,
				C02CFA7A28509E610021C86F /* UsingSwiftUICharts.swift */,
				C02CFA7C2850AC790021C86F /* UsingShareSheet.swift */,
				C07EF381284F5A9800E0C872 /* Assets.xcassets */,
				C07EF383284F5A9800E0C872 /* Preview Content */,
			);
			path = NewFeaturesOnSwiftUI;
			sourceTree = "<group>";
		};
		C07EF383284F5A9800E0C872 /* Preview Content */ = {
			isa = PBXGroup;
			children = (
				C07EF384284F5A9800E0C872 /* Preview Assets.xcassets */,
			);
			path = "Preview Content";
			sourceTree = "<group>";
		};
/* End PBXGroup section */

/* Begin PBXNativeTarget section */
		C07EF379284F5A9700E0C872 /* NewFeaturesOnSwiftUI */ = {
			isa = PBXNativeTarget;
			buildConfigurationList = C07EF388284F5A9800E0C872 /* Build configuration list for PBXNativeTarget "NewFeaturesOnSwiftUI" */;
			buildPhases = (
				C07EF376284F5A9700E0C872 /* Sources */,
				C07EF377284F5A9700E0C872 /* Frameworks */,
				C07EF378284F5A9700E0C872 /* Resources */,
			);
			buildRules = (
			);
			dependencies = (
			);
			name = NewFeaturesOnSwiftUI;
			productName = NewFeaturesOnSwiftUI;
			productReference = C07EF37A284F5A9700E0C872 /* NewFeaturesOnSwiftUI.app */;
			productType = "com.apple.product-type.application";
		};
/* End PBXNativeTarget section */

/* Begin PBXProject section */
		C07EF372284F5A9700E0C872 /* Project object */ = {
			isa = PBXProject;
			attributes = {
				BuildIndependentTargetsInParallel = 1;
				LastSwiftUpdateCheck = 1400;
				LastUpgradeCheck = 1400;
				TargetAttributes = {
					C07EF379284F5A9700E0C872 = {
						CreatedOnToolsVersion = 14.0;
					};
				};
			};
			buildConfigurationList = C07EF375284F5A9700E0C872 /* Build configuration list for PBXProject "NewFeaturesOnSwiftUI" */;
			compatibilityVersion = "Xcode 14.0";
			developmentRegion = en;
			hasScannedForEncodings = 0;
			knownRegions = (
				en,
				Base,
			);
			mainGroup = C07EF371284F5A9700E0C872;
			productRefGroup = C07EF37B284F5A9700E0C872 /* Products */;
			projectDirPath = "";
			projectRoot = "";
			targets = (
				C07EF379284F5A9700E0C872 /* NewFeaturesOnSwiftUI */,
			);
		};
/* End PBXProject section */

/* Begin PBXResourcesBuildPhase section */
		C07EF378284F5A9700E0C872 /* Resources */ = {
			isa = PBXResourcesBuildPhase;
			buildActionMask = 2147483647;
			files = (
				C07EF385284F5A9800E0C872 /* Preview Assets.xcassets in Resources */,
				C07EF382284F5A9800E0C872 /* Assets.xcassets in Resources */,
			);
			runOnlyForDeploymentPostprocessing = 0;
		};
/* End PBXResourcesBuildPhase section */

/* Begin PBXSourcesBuildPhase section */
		C07EF376284F5A9700E0C872 /* Sources */ = {
			isa = PBXSourcesBuildPhase;
			buildActionMask = 2147483647;
			files = (
				C0F107D8284F5EF100664877 /* UsignFixedGrids.swift in Sources */,
				C0F107D6284F5CCA00664877 /* UsignSheets.swift in Sources */,
				C07EF37E284F5A9700E0C872 /* NewFeaturesOnSwiftUIApp.swift in Sources */,
				C02CFA7D2850AC790021C86F /* UsingShareSheet.swift in Sources */,
				C02CFA7B28509E610021C86F /* UsingSwiftUICharts.swift in Sources */,
				C0F107DC284F607200664877 /* MainView.swift in Sources */,
				C0F107DA284F603100664877 /* UsignDetectUserTouchLocation.swift in Sources */,
			);
			runOnlyForDeploymentPostprocessing = 0;
		};
/* End PBXSourcesBuildPhase section */

/* Begin XCBuildConfiguration section */
		C07EF386284F5A9800E0C872 /* Debug */ = {
			isa = XCBuildConfiguration;
			buildSettings = {
				ALWAYS_SEARCH_USER_PATHS = NO;
				CLANG_ANALYZER_NONNULL = YES;
				CLANG_ANALYZER_NUMBER_OBJECT_CONVERSION = YES_AGGRESSIVE;
				CLANG_CXX_LANGUAGE_STANDARD = "gnu++17";
				CLANG_ENABLE_MODULES = YES;
				CLANG_ENABLE_OBJC_ARC = YES;
				CLANG_ENABLE_OBJC_WEAK = YES;
				CLANG_WARN_BLOCK_CAPTURE_AUTORELEASING = YES;
				CLANG_WARN_BOOL_CONVERSION = YES;
				CLANG_WARN_COMMA = YES;
				CLANG_WARN_CONSTANT_CONVERSION = YES;
				CLANG_WARN_DEPRECATED_OBJC_IMPLEMENTATIONS = YES;
				CLANG_WARN_DIRECT_OBJC_ISA_USAGE = YES_ERROR;
				CLANG_WARN_DOCUMENTATION_COMMENTS = YES;
				CLANG_WARN_EMPTY_BODY = YES;
				CLANG_WARN_ENUM_CONVERSION = YES;
				CLANG_WARN_INFINITE_RECURSION = YES;
				CLANG_WARN_INT_CONVERSION = YES;
				CLANG_WARN_NON_LITERAL_NULL_CONVERSION = YES;
				CLANG_WARN_OBJC_IMPLICIT_RETAIN_SELF = YES;
				CLANG_WARN_OBJC_LITERAL_CONVERSION = YES;
				CLANG_WARN_OBJC_ROOT_CLASS = YES_ERROR;
				CLANG_WARN_QUOTED_INCLUDE_IN_FRAMEWORK_HEADER = YES;
				CLANG_WARN_RANGE_LOOP_ANALYSIS = YES;
				CLANG_WARN_STRICT_PROTOTYPES = YES;
				CLANG_WARN_SUSPICIOUS_MOVE = YES;
				CLANG_WARN_UNGUARDED_AVAILABILITY = YES_AGGRESSIVE;
				CLANG_WARN_UNREACHABLE_CODE = YES;
				CLANG_WARN__DUPLICATE_METHOD_MATCH = YES;
				COPY_PHASE_STRIP = NO;
				DEBUG_INFORMATION_FORMAT = dwarf;
				ENABLE_STRICT_OBJC_MSGSEND = YES;
				ENABLE_TESTABILITY = YES;
				GCC_C_LANGUAGE_STANDARD = gnu11;
				GCC_DYNAMIC_NO_PIC = NO;
				GCC_NO_COMMON_BLOCKS = YES;
				GCC_OPTIMIZATION_LEVEL = 0;
				GCC_PREPROCESSOR_DEFINITIONS = (
					"DEBUG=1",
					"$(inherited)",
				);
				GCC_WARN_64_TO_32_BIT_CONVERSION = YES;
				GCC_WARN_ABOUT_RETURN_TYPE = YES_ERROR;
				GCC_WARN_UNDECLARED_SELECTOR = YES;
				GCC_WARN_UNINITIALIZED_AUTOS = YES_AGGRESSIVE;
				GCC_WARN_UNUSED_FUNCTION = YES;
				GCC_WARN_UNUSED_VARIABLE = YES;
				IPHONEOS_DEPLOYMENT_TARGET = 16.0;
				MTL_ENABLE_DEBUG_INFO = INCLUDE_SOURCE;
				MTL_FAST_MATH = YES;
				ONLY_ACTIVE_ARCH = YES;
				SDKROOT = iphoneos;
				SWIFT_ACTIVE_COMPILATION_CONDITIONS = DEBUG;
				SWIFT_OPTIMIZATION_LEVEL = "-Onone";
			};
			name = Debug;
		};
		C07EF387284F5A9800E0C872 /* Release */ = {
			isa = XCBuildConfiguration;
			buildSettings = {
				ALWAYS_SEARCH_USER_PATHS = NO;
				CLANG_ANALYZER_NONNULL = YES;
				CLANG_ANALYZER_NUMBER_OBJECT_CONVERSION = YES_AGGRESSIVE;
				CLANG_CXX_LANGUAGE_STANDARD = "gnu++17";
				CLANG_ENABLE_MODULES = YES;
				CLANG_ENABLE_OBJC_ARC = YES;
				CLANG_ENABLE_OBJC_WEAK = YES;
				CLANG_WARN_BLOCK_CAPTURE_AUTORELEASING = YES;
				CLANG_WARN_BOOL_CONVERSION = YES;
				CLANG_WARN_COMMA = YES;
				CLANG_WARN_CONSTANT_CONVERSION = YES;
				CLANG_WARN_DEPRECATED_OBJC_IMPLEMENTATIONS = YES;
				CLANG_WARN_DIRECT_OBJC_ISA_USAGE = YES_ERROR;
				CLANG_WARN_DOCUMENTATION_COMMENTS = YES;
				CLANG_WARN_EMPTY_BODY = YES;
				CLANG_WARN_ENUM_CONVERSION = YES;
				CLANG_WARN_INFINITE_RECURSION = YES;
				CLANG_WARN_INT_CONVERSION = YES;
				CLANG_WARN_NON_LITERAL_NULL_CONVERSION = YES;
				CLANG_WARN_OBJC_IMPLICIT_RETAIN_SELF = YES;
				CLANG_WARN_OBJC_LITERAL_CONVERSION = YES;
				CLANG_WARN_OBJC_ROOT_CLASS = YES_ERROR;
				CLANG_WARN_QUOTED_INCLUDE_IN_FRAMEWORK_HEADER = YES;
				CLANG_WARN_RANGE_LOOP_ANALYSIS = YES;
				CLANG_WARN_STRICT_PROTOTYPES = YES;
				CLANG_WARN_SUSPICIOUS_MOVE = YES;
				CLANG_WARN_UNGUARDED_AVAILABILITY = YES_AGGRESSIVE;
				CLANG_WARN_UNREACHABLE_CODE = YES;
				CLANG_WARN__DUPLICATE_METHOD_MATCH = YES;
				COPY_PHASE_STRIP = NO;
				DEBUG_INFORMATION_FORMAT = "dwarf-with-dsym";
				ENABLE_NS_ASSERTIONS = NO;
				ENABLE_STRICT_OBJC_MSGSEND = YES;
				GCC_C_LANGUAGE_STANDARD = gnu11;
				GCC_NO_COMMON_BLOCKS = YES;
				GCC_WARN_64_TO_32_BIT_CONVERSION = YES;
				GCC_WARN_ABOUT_RETURN_TYPE = YES_ERROR;
				GCC_WARN_UNDECLARED_SELECTOR = YES;
				GCC_WARN_UNINITIALIZED_AUTOS = YES_AGGRESSIVE;
				GCC_WARN_UNUSED_FUNCTION = YES;
				GCC_WARN_UNUSED_VARIABLE = YES;
				IPHONEOS_DEPLOYMENT_TARGET = 16.0;
				MTL_ENABLE_DEBUG_INFO = NO;
				MTL_FAST_MATH = YES;
				SDKROOT = iphoneos;
				SWIFT_COMPILATION_MODE = wholemodule;
				SWIFT_OPTIMIZATION_LEVEL = "-O";
				VALIDATE_PRODUCT = YES;
			};
			name = Release;
		};
		C07EF389284F5A9800E0C872 /* Debug */ = {
			isa = XCBuildConfiguration;
			buildSettings = {
				ASSETCATALOG_COMPILER_APPICON_NAME = AppIcon;
				ASSETCATALOG_COMPILER_GLOBAL_ACCENT_COLOR_NAME = AccentColor;
				CODE_SIGN_STYLE = Automatic;
				CURRENT_PROJECT_VERSION = 1;
				DEVELOPMENT_ASSET_PATHS = "\"NewFeaturesOnSwiftUI/Preview Content\"";
				DEVELOPMENT_TEAM = 6PALB6K8YY;
				ENABLE_PREVIEWS = YES;
				GENERATE_INFOPLIST_FILE = YES;
				INFOPLIST_KEY_NSPhotoLibraryAddUsageDescription = "We need this to the save any photos on your library";
				INFOPLIST_KEY_UIApplicationSceneManifest_Generation = YES;
				INFOPLIST_KEY_UIApplicationSupportsIndirectInputEvents = YES;
				INFOPLIST_KEY_UILaunchScreen_Generation = YES;
				INFOPLIST_KEY_UISupportedInterfaceOrientations_iPad = "UIInterfaceOrientationPortrait UIInterfaceOrientationPortraitUpsideDown UIInterfaceOrientationLandscapeLeft UIInterfaceOrientationLandscapeRight";
				INFOPLIST_KEY_UISupportedInterfaceOrientations_iPhone = "UIInterfaceOrientationPortrait UIInterfaceOrientationLandscapeLeft UIInterfaceOrientationLandscapeRight";
				LD_RUNPATH_SEARCH_PATHS = (
					"$(inherited)",
					"@executable_path/Frameworks",
				);
				MARKETING_VERSION = 1.0;
				PRODUCT_BUNDLE_IDENTIFIER = com.devmehmetates.NewFeaturesOnSwiftUI;
				PRODUCT_NAME = "$(TARGET_NAME)";
				SWIFT_EMIT_LOC_STRINGS = YES;
				SWIFT_VERSION = 5.0;
				TARGETED_DEVICE_FAMILY = "1,2";
			};
			name = Debug;
		};
		C07EF38A284F5A9800E0C872 /* Release */ = {
			isa = XCBuildConfiguration;
			buildSettings = {
				ASSETCATALOG_COMPILER_APPICON_NAME = AppIcon;
				ASSETCATALOG_COMPILER_GLOBAL_ACCENT_COLOR_NAME = AccentColor;
				CODE_SIGN_STYLE = Automatic;
				CURRENT_PROJECT_VERSION = 1;
				DEVELOPMENT_ASSET_PATHS = "\"NewFeaturesOnSwiftUI/Preview Content\"";
				DEVELOPMENT_TEAM = 6PALB6K8YY;
				ENABLE_PREVIEWS = YES;
				GENERATE_INFOPLIST_FILE = YES;
				INFOPLIST_KEY_NSPhotoLibraryAddUsageDescription = "We need this to the save any photos on your library";
				INFOPLIST_KEY_UIApplicationSceneManifest_Generation = YES;
				INFOPLIST_KEY_UIApplicationSupportsIndirectInputEvents = YES;
				INFOPLIST_KEY_UILaunchScreen_Generation = YES;
				INFOPLIST_KEY_UISupportedInterfaceOrientations_iPad = "UIInterfaceOrientationPortrait UIInterfaceOrientationPortraitUpsideDown UIInterfaceOrientationLandscapeLeft UIInterfaceOrientationLandscapeRight";
				INFOPLIST_KEY_UISupportedInterfaceOrientations_iPhone = "UIInterfaceOrientationPortrait UIInterfaceOrientationLandscapeLeft UIInterfaceOrientationLandscapeRight";
				LD_RUNPATH_SEARCH_PATHS = (
					"$(inherited)",
					"@executable_path/Frameworks",
				);
				MARKETING_VERSION = 1.0;
				PRODUCT_BUNDLE_IDENTIFIER = com.devmehmetates.NewFeaturesOnSwiftUI;
				PRODUCT_NAME = "$(TARGET_NAME)";
				SWIFT_EMIT_LOC_STRINGS = YES;
				SWIFT_VERSION = 5.0;
				TARGETED_DEVICE_FAMILY = "1,2";
			};
			name = Release;
		};
/* End XCBuildConfiguration section */

/* Begin XCConfigurationList section */
		C07EF375284F5A9700E0C872 /* Build configuration list for PBXProject "NewFeaturesOnSwiftUI" */ = {
			isa = XCConfigurationList;
			buildConfigurations = (
				C07EF386284F5A9800E0C872 /* Debug */,
				C07EF387284F5A9800E0C872 /* Release */,
			);
			defaultConfigurationIsVisible = 0;
			defaultConfigurationName = Release;
		};
		C07EF388284F5A9800E0C872 /* Build configuration list for PBXNativeTarget "NewFeaturesOnSwiftUI" */ = {
			isa = XCConfigurationList;
			buildConfigurations = (
				C07EF389284F5A9800E0C872 /* Debug */,
				C07EF38A284F5A9800E0C872 /* Release */,
			);
			defaultConfigurationIsVisible = 0;
			defaultConfigurationName = Release;
		};
/* End XCConfigurationList section */
	};
	rootObject = C07EF372284F5A9700E0C872 /* Project object */;
}
