// !$*UTF8*$!
{
	archiveVersion = 1;
	classes = {
	};
	objectVersion = 55;
	objects = {

/* Begin PBXBuildFile section */
		C0238766286CB1C400958730 /* SnowSeekerApp.swift in Sources */ = {isa = PBXBuildFile; fileRef = C0238765286CB1C400958730 /* SnowSeekerApp.swift */; };
		C023876A286CB1C600958730 /* Assets.xcassets in Resources */ = {isa = PBXBuildFile; fileRef = C0238769286CB1C600958730 /* Assets.xcassets */; };
		C023876D286CB1C600958730 /* Preview Assets.xcassets in Resources */ = {isa = PBXBuildFile; fileRef = C023876C286CB1C600958730 /* Preview Assets.xcassets */; };
		C0238775286CB7A600958730 /* SideBySideView.swift in Sources */ = {isa = PBXBuildFile; fileRef = C0238774286CB7A600958730 /* SideBySideView.swift */; };
		C0238777286CB7F500958730 /* PresententViewWithOptionals.swift in Sources */ = {isa = PBXBuildFile; fileRef = C0238776286CB7F500958730 /* PresententViewWithOptionals.swift */; };
		C0238779286CB8A000958730 /* TransparentLayoutContainers.swift in Sources */ = {isa = PBXBuildFile; fileRef = C0238778286CB8A000958730 /* TransparentLayoutContainers.swift */; };
		C023877B286CB99B00958730 /* SearchAbleView.swift in Sources */ = {isa = PBXBuildFile; fileRef = C023877A286CB99B00958730 /* SearchAbleView.swift */; };
		C0E4F66C286D9B3F00DCC6C4 /* Resort.swift in Sources */ = {isa = PBXBuildFile; fileRef = C0E4F66B286D9B3F00DCC6C4 /* Resort.swift */; };
		C0E4F66E286D9B5B00DCC6C4 /* Decoable.swift in Sources */ = {isa = PBXBuildFile; fileRef = C0E4F66D286D9B5B00DCC6C4 /* Decoable.swift */; };
		C0E4F670286D9B9600DCC6C4 /* ContentView.swift in Sources */ = {isa = PBXBuildFile; fileRef = C0E4F66F286D9B9600DCC6C4 /* ContentView.swift */; };
		C0E4F673286D9E8900DCC6C4 /* resorts.json in Resources */ = {isa = PBXBuildFile; fileRef = C0E4F672286D9E8900DCC6C4 /* resorts.json */; };
		C0E4F675286D9EDF00DCC6C4 /* WelcomeView.swift in Sources */ = {isa = PBXBuildFile; fileRef = C0E4F674286D9EDF00DCC6C4 /* WelcomeView.swift */; };
		C0E4F677286D9F6E00DCC6C4 /* ResortView.swift in Sources */ = {isa = PBXBuildFile; fileRef = C0E4F676286D9F6E00DCC6C4 /* ResortView.swift */; };
		C0E4F679286DA14600DCC6C4 /* SkiDetailsView.swift in Sources */ = {isa = PBXBuildFile; fileRef = C0E4F678286DA14600DCC6C4 /* SkiDetailsView.swift */; };
		C0E4F67B286DA18100DCC6C4 /* ResortDetailView.swift in Sources */ = {isa = PBXBuildFile; fileRef = C0E4F67A286DA18000DCC6C4 /* ResortDetailView.swift */; };
/* End PBXBuildFile section */

/* Begin PBXFileReference section */
		C0238762286CB1C400958730 /* SnowSeeker.app */ = {isa = PBXFileReference; explicitFileType = wrapper.application; includeInIndex = 0; path = SnowSeeker.app; sourceTree = BUILT_PRODUCTS_DIR; };
		C0238765286CB1C400958730 /* SnowSeekerApp.swift */ = {isa = PBXFileReference; lastKnownFileType = sourcecode.swift; path = SnowSeekerApp.swift; sourceTree = "<group>"; };
		C0238769286CB1C600958730 /* Assets.xcassets */ = {isa = PBXFileReference; lastKnownFileType = folder.assetcatalog; path = Assets.xcassets; sourceTree = "<group>"; };
		C023876C286CB1C600958730 /* Preview Assets.xcassets */ = {isa = PBXFileReference; lastKnownFileType = folder.assetcatalog; path = "Preview Assets.xcassets"; sourceTree = "<group>"; };
		C0238774286CB7A600958730 /* SideBySideView.swift */ = {isa = PBXFileReference; lastKnownFileType = sourcecode.swift; path = SideBySideView.swift; sourceTree = "<group>"; };
		C0238776286CB7F500958730 /* PresententViewWithOptionals.swift */ = {isa = PBXFileReference; lastKnownFileType = sourcecode.swift; path = PresententViewWithOptionals.swift; sourceTree = "<group>"; };
		C0238778286CB8A000958730 /* TransparentLayoutContainers.swift */ = {isa = PBXFileReference; lastKnownFileType = sourcecode.swift; path = TransparentLayoutContainers.swift; sourceTree = "<group>"; };
		C023877A286CB99B00958730 /* SearchAbleView.swift */ = {isa = PBXFileReference; lastKnownFileType = sourcecode.swift; path = SearchAbleView.swift; sourceTree = "<group>"; };
		C0E4F66B286D9B3F00DCC6C4 /* Resort.swift */ = {isa = PBXFileReference; lastKnownFileType = sourcecode.swift; path = Resort.swift; sourceTree = "<group>"; };
		C0E4F66D286D9B5B00DCC6C4 /* Decoable.swift */ = {isa = PBXFileReference; lastKnownFileType = sourcecode.swift; path = Decoable.swift; sourceTree = "<group>"; };
		C0E4F66F286D9B9600DCC6C4 /* ContentView.swift */ = {isa = PBXFileReference; lastKnownFileType = sourcecode.swift; path = ContentView.swift; sourceTree = "<group>"; };
		C0E4F672286D9E8900DCC6C4 /* resorts.json */ = {isa = PBXFileReference; fileEncoding = 4; lastKnownFileType = text.json; path = resorts.json; sourceTree = "<group>"; };
		C0E4F674286D9EDF00DCC6C4 /* WelcomeView.swift */ = {isa = PBXFileReference; lastKnownFileType = sourcecode.swift; path = WelcomeView.swift; sourceTree = "<group>"; };
		C0E4F676286D9F6E00DCC6C4 /* ResortView.swift */ = {isa = PBXFileReference; lastKnownFileType = sourcecode.swift; path = ResortView.swift; sourceTree = "<group>"; };
		C0E4F678286DA14600DCC6C4 /* SkiDetailsView.swift */ = {isa = PBXFileReference; lastKnownFileType = sourcecode.swift; path = SkiDetailsView.swift; sourceTree = "<group>"; };
		C0E4F67A286DA18000DCC6C4 /* ResortDetailView.swift */ = {isa = PBXFileReference; lastKnownFileType = sourcecode.swift; path = ResortDetailView.swift; sourceTree = "<group>"; };
/* End PBXFileReference section */

/* Begin PBXFrameworksBuildPhase section */
		C023875F286CB1C400958730 /* Frameworks */ = {
			isa = PBXFrameworksBuildPhase;
			buildActionMask = 2147483647;
			files = (
			);
			runOnlyForDeploymentPostprocessing = 0;
		};
/* End PBXFrameworksBuildPhase section */

/* Begin PBXGroup section */
		C0238759286CB1C400958730 = {
			isa = PBXGroup;
			children = (
				C0238764286CB1C400958730 /* SnowSeeker */,
				C0238763286CB1C400958730 /* Products */,
			);
			sourceTree = "<group>";
		};
		C0238763286CB1C400958730 /* Products */ = {
			isa = PBXGroup;
			children = (
				C0238762286CB1C400958730 /* SnowSeeker.app */,
			);
			name = Products;
			sourceTree = "<group>";
		};
		C0238764286CB1C400958730 /* SnowSeeker */ = {
			isa = PBXGroup;
			children = (
				C0238773286CB79700958730 /* Tutorials */,
				C0E4F66B286D9B3F00DCC6C4 /* Resort.swift */,
				C0E4F674286D9EDF00DCC6C4 /* WelcomeView.swift */,
				C0238765286CB1C400958730 /* SnowSeekerApp.swift */,
				C0E4F66D286D9B5B00DCC6C4 /* Decoable.swift */,
				C0E4F676286D9F6E00DCC6C4 /* ResortView.swift */,
				C0E4F678286DA14600DCC6C4 /* SkiDetailsView.swift */,
				C0E4F66F286D9B9600DCC6C4 /* ContentView.swift */,
				C0E4F67A286DA18000DCC6C4 /* ResortDetailView.swift */,
				C0238769286CB1C600958730 /* Assets.xcassets */,
				C0E4F672286D9E8900DCC6C4 /* resorts.json */,
				C023876B286CB1C600958730 /* Preview Content */,
			);
			path = SnowSeeker;
			sourceTree = "<group>";
		};
		C023876B286CB1C600958730 /* Preview Content */ = {
			isa = PBXGroup;
			children = (
				C023876C286CB1C600958730 /* Preview Assets.xcassets */,
			);
			path = "Preview Content";
			sourceTree = "<group>";
		};
		C0238773286CB79700958730 /* Tutorials */ = {
			isa = PBXGroup;
			children = (
				C0238774286CB7A600958730 /* SideBySideView.swift */,
				C0238776286CB7F500958730 /* PresententViewWithOptionals.swift */,
				C0238778286CB8A000958730 /* TransparentLayoutContainers.swift */,
				C023877A286CB99B00958730 /* SearchAbleView.swift */,
			);
			path = Tutorials;
			sourceTree = "<group>";
		};
/* End PBXGroup section */

/* Begin PBXNativeTarget section */
		C0238761286CB1C400958730 /* SnowSeeker */ = {
			isa = PBXNativeTarget;
			buildConfigurationList = C0238770286CB1C600958730 /* Build configuration list for PBXNativeTarget "SnowSeeker" */;
			buildPhases = (
				C023875E286CB1C400958730 /* Sources */,
				C023875F286CB1C400958730 /* Frameworks */,
				C0238760286CB1C400958730 /* Resources */,
			);
			buildRules = (
			);
			dependencies = (
			);
			name = SnowSeeker;
			productName = SnowSeeker;
			productReference = C0238762286CB1C400958730 /* SnowSeeker.app */;
			productType = "com.apple.product-type.application";
		};
/* End PBXNativeTarget section */

/* Begin PBXProject section */
		C023875A286CB1C400958730 /* Project object */ = {
			isa = PBXProject;
			attributes = {
				BuildIndependentTargetsInParallel = 1;
				LastSwiftUpdateCheck = 1340;
				LastUpgradeCheck = 1340;
				TargetAttributes = {
					C0238761286CB1C400958730 = {
						CreatedOnToolsVersion = 13.4.1;
					};
				};
			};
			buildConfigurationList = C023875D286CB1C400958730 /* Build configuration list for PBXProject "SnowSeeker" */;
			compatibilityVersion = "Xcode 13.0";
			developmentRegion = en;
			hasScannedForEncodings = 0;
			knownRegions = (
				en,
				Base,
			);
			mainGroup = C0238759286CB1C400958730;
			productRefGroup = C0238763286CB1C400958730 /* Products */;
			projectDirPath = "";
			projectRoot = "";
			targets = (
				C0238761286CB1C400958730 /* SnowSeeker */,
			);
		};
/* End PBXProject section */

/* Begin PBXResourcesBuildPhase section */
		C0238760286CB1C400958730 /* Resources */ = {
			isa = PBXResourcesBuildPhase;
			buildActionMask = 2147483647;
			files = (
				C0E4F673286D9E8900DCC6C4 /* resorts.json in Resources */,
				C023876D286CB1C600958730 /* Preview Assets.xcassets in Resources */,
				C023876A286CB1C600958730 /* Assets.xcassets in Resources */,
			);
			runOnlyForDeploymentPostprocessing = 0;
		};
/* End PBXResourcesBuildPhase section */

/* Begin PBXSourcesBuildPhase section */
		C023875E286CB1C400958730 /* Sources */ = {
			isa = PBXSourcesBuildPhase;
			buildActionMask = 2147483647;
			files = (
				C0238777286CB7F500958730 /* PresententViewWithOptionals.swift in Sources */,
				C023877B286CB99B00958730 /* SearchAbleView.swift in Sources */,
				C0E4F670286D9B9600DCC6C4 /* ContentView.swift in Sources */,
				C0238766286CB1C400958730 /* SnowSeekerApp.swift in Sources */,
				C0E4F675286D9EDF00DCC6C4 /* WelcomeView.swift in Sources */,
				C0238779286CB8A000958730 /* TransparentLayoutContainers.swift in Sources */,
				C0E4F66C286D9B3F00DCC6C4 /* Resort.swift in Sources */,
				C0E4F677286D9F6E00DCC6C4 /* ResortView.swift in Sources */,
				C0E4F679286DA14600DCC6C4 /* SkiDetailsView.swift in Sources */,
				C0E4F66E286D9B5B00DCC6C4 /* Decoable.swift in Sources */,
				C0E4F67B286DA18100DCC6C4 /* ResortDetailView.swift in Sources */,
				C0238775286CB7A600958730 /* SideBySideView.swift in Sources */,
			);
			runOnlyForDeploymentPostprocessing = 0;
		};
/* End PBXSourcesBuildPhase section */

/* Begin XCBuildConfiguration section */
		C023876E286CB1C600958730 /* Debug */ = {
			isa = XCBuildConfiguration;
			buildSettings = {
				ALWAYS_SEARCH_USER_PATHS = NO;
				CLANG_ANALYZER_NONNULL = YES;
				CLANG_ANALYZER_NUMBER_OBJECT_CONVERSION = YES_AGGRESSIVE;
				CLANG_CXX_LANGUAGE_STANDARD = "gnu++17";
				CLANG_ENABLE_MODULES = YES;
				CLANG_ENABLE_OBJC_ARC = YES;
				CLANG_ENABLE_OBJC_WEAK = YES;
				CLANG_WARN_BLOCK_CAPTURE_AUTORELEASING = YES;
				CLANG_WARN_BOOL_CONVERSION = YES;
				CLANG_WARN_COMMA = YES;
				CLANG_WARN_CONSTANT_CONVERSION = YES;
				CLANG_WARN_DEPRECATED_OBJC_IMPLEMENTATIONS = YES;
				CLANG_WARN_DIRECT_OBJC_ISA_USAGE = YES_ERROR;
				CLANG_WARN_DOCUMENTATION_COMMENTS = YES;
				CLANG_WARN_EMPTY_BODY = YES;
				CLANG_WARN_ENUM_CONVERSION = YES;
				CLANG_WARN_INFINITE_RECURSION = YES;
				CLANG_WARN_INT_CONVERSION = YES;
				CLANG_WARN_NON_LITERAL_NULL_CONVERSION = YES;
				CLANG_WARN_OBJC_IMPLICIT_RETAIN_SELF = YES;
				CLANG_WARN_OBJC_LITERAL_CONVERSION = YES;
				CLANG_WARN_OBJC_ROOT_CLASS = YES_ERROR;
				CLANG_WARN_QUOTED_INCLUDE_IN_FRAMEWORK_HEADER = YES;
				CLANG_WARN_RANGE_LOOP_ANALYSIS = YES;
				CLANG_WARN_STRICT_PROTOTYPES = YES;
				CLANG_WARN_SUSPICIOUS_MOVE = YES;
				CLANG_WARN_UNGUARDED_AVAILABILITY = YES_AGGRESSIVE;
				CLANG_WARN_UNREACHABLE_CODE = YES;
				CLANG_WARN__DUPLICATE_METHOD_MATCH = YES;
				COPY_PHASE_STRIP = NO;
				DEBUG_INFORMATION_FORMAT = dwarf;
				ENABLE_STRICT_OBJC_MSGSEND = YES;
				ENABLE_TESTABILITY = YES;
				GCC_C_LANGUAGE_STANDARD = gnu11;
				GCC_DYNAMIC_NO_PIC = NO;
				GCC_NO_COMMON_BLOCKS = YES;
				GCC_OPTIMIZATION_LEVEL = 0;
				GCC_PREPROCESSOR_DEFINITIONS = (
					"DEBUG=1",
					"$(inherited)",
				);
				GCC_WARN_64_TO_32_BIT_CONVERSION = YES;
				GCC_WARN_ABOUT_RETURN_TYPE = YES_ERROR;
				GCC_WARN_UNDECLARED_SELECTOR = YES;
				GCC_WARN_UNINITIALIZED_AUTOS = YES_AGGRESSIVE;
				GCC_WARN_UNUSED_FUNCTION = YES;
				GCC_WARN_UNUSED_VARIABLE = YES;
				IPHONEOS_DEPLOYMENT_TARGET = 15.5;
				MTL_ENABLE_DEBUG_INFO = INCLUDE_SOURCE;
				MTL_FAST_MATH = YES;
				ONLY_ACTIVE_ARCH = YES;
				SDKROOT = iphoneos;
				SWIFT_ACTIVE_COMPILATION_CONDITIONS = DEBUG;
				SWIFT_OPTIMIZATION_LEVEL = "-Onone";
			};
			name = Debug;
		};
		C023876F286CB1C600958730 /* Release */ = {
			isa = XCBuildConfiguration;
			buildSettings = {
				ALWAYS_SEARCH_USER_PATHS = NO;
				CLANG_ANALYZER_NONNULL = YES;
				CLANG_ANALYZER_NUMBER_OBJECT_CONVERSION = YES_AGGRESSIVE;
				CLANG_CXX_LANGUAGE_STANDARD = "gnu++17";
				CLANG_ENABLE_MODULES = YES;
				CLANG_ENABLE_OBJC_ARC = YES;
				CLANG_ENABLE_OBJC_WEAK = YES;
				CLANG_WARN_BLOCK_CAPTURE_AUTORELEASING = YES;
				CLANG_WARN_BOOL_CONVERSION = YES;
				CLANG_WARN_COMMA = YES;
				CLANG_WARN_CONSTANT_CONVERSION = YES;
				CLANG_WARN_DEPRECATED_OBJC_IMPLEMENTATIONS = YES;
				CLANG_WARN_DIRECT_OBJC_ISA_USAGE = YES_ERROR;
				CLANG_WARN_DOCUMENTATION_COMMENTS = YES;
				CLANG_WARN_EMPTY_BODY = YES;
				CLANG_WARN_ENUM_CONVERSION = YES;
				CLANG_WARN_INFINITE_RECURSION = YES;
				CLANG_WARN_INT_CONVERSION = YES;
				CLANG_WARN_NON_LITERAL_NULL_CONVERSION = YES;
				CLANG_WARN_OBJC_IMPLICIT_RETAIN_SELF = YES;
				CLANG_WARN_OBJC_LITERAL_CONVERSION = YES;
				CLANG_WARN_OBJC_ROOT_CLASS = YES_ERROR;
				CLANG_WARN_QUOTED_INCLUDE_IN_FRAMEWORK_HEADER = YES;
				CLANG_WARN_RANGE_LOOP_ANALYSIS = YES;
				CLANG_WARN_STRICT_PROTOTYPES = YES;
				CLANG_WARN_SUSPICIOUS_MOVE = YES;
				CLANG_WARN_UNGUARDED_AVAILABILITY = YES_AGGRESSIVE;
				CLANG_WARN_UNREACHABLE_CODE = YES;
				CLANG_WARN__DUPLICATE_METHOD_MATCH = YES;
				COPY_PHASE_STRIP = NO;
				DEBUG_INFORMATION_FORMAT = "dwarf-with-dsym";
				ENABLE_NS_ASSERTIONS = NO;
				ENABLE_STRICT_OBJC_MSGSEND = YES;
				GCC_C_LANGUAGE_STANDARD = gnu11;
				GCC_NO_COMMON_BLOCKS = YES;
				GCC_WARN_64_TO_32_BIT_CONVERSION = YES;
				GCC_WARN_ABOUT_RETURN_TYPE = YES_ERROR;
				GCC_WARN_UNDECLARED_SELECTOR = YES;
				GCC_WARN_UNINITIALIZED_AUTOS = YES_AGGRESSIVE;
				GCC_WARN_UNUSED_FUNCTION = YES;
				GCC_WARN_UNUSED_VARIABLE = YES;
				IPHONEOS_DEPLOYMENT_TARGET = 15.5;
				MTL_ENABLE_DEBUG_INFO = NO;
				MTL_FAST_MATH = YES;
				SDKROOT = iphoneos;
				SWIFT_COMPILATION_MODE = wholemodule;
				SWIFT_OPTIMIZATION_LEVEL = "-O";
				VALIDATE_PRODUCT = YES;
			};
			name = Release;
		};
		C0238771286CB1C600958730 /* Debug */ = {
			isa = XCBuildConfiguration;
			buildSettings = {
				ASSETCATALOG_COMPILER_APPICON_NAME = AppIcon;
				ASSETCATALOG_COMPILER_GLOBAL_ACCENT_COLOR_NAME = AccentColor;
				CODE_SIGN_STYLE = Automatic;
				CURRENT_PROJECT_VERSION = 1;
				DEVELOPMENT_ASSET_PATHS = "\"SnowSeeker/Preview Content\"";
				DEVELOPMENT_TEAM = 6PALB6K8YY;
				ENABLE_PREVIEWS = YES;
				GENERATE_INFOPLIST_FILE = YES;
				INFOPLIST_KEY_UIApplicationSceneManifest_Generation = YES;
				INFOPLIST_KEY_UIApplicationSupportsIndirectInputEvents = YES;
				INFOPLIST_KEY_UILaunchScreen_Generation = YES;
				INFOPLIST_KEY_UISupportedInterfaceOrientations_iPad = "UIInterfaceOrientationPortrait UIInterfaceOrientationPortraitUpsideDown UIInterfaceOrientationLandscapeLeft UIInterfaceOrientationLandscapeRight";
				INFOPLIST_KEY_UISupportedInterfaceOrientations_iPhone = "UIInterfaceOrientationPortrait UIInterfaceOrientationLandscapeLeft UIInterfaceOrientationLandscapeRight";
				LD_RUNPATH_SEARCH_PATHS = (
					"$(inherited)",
					"@executable_path/Frameworks",
				);
				MARKETING_VERSION = 1.0;
				PRODUCT_BUNDLE_IDENTIFIER = com.devmehmetates.SnowSeeker;
				PRODUCT_NAME = "$(TARGET_NAME)";
				SWIFT_EMIT_LOC_STRINGS = YES;
				SWIFT_VERSION = 5.0;
				TARGETED_DEVICE_FAMILY = "1,2";
			};
			name = Debug;
		};
		C0238772286CB1C600958730 /* Release */ = {
			isa = XCBuildConfiguration;
			buildSettings = {
				ASSETCATALOG_COMPILER_APPICON_NAME = AppIcon;
				ASSETCATALOG_COMPILER_GLOBAL_ACCENT_COLOR_NAME = AccentColor;
				CODE_SIGN_STYLE = Automatic;
				CURRENT_PROJECT_VERSION = 1;
				DEVELOPMENT_ASSET_PATHS = "\"SnowSeeker/Preview Content\"";
				DEVELOPMENT_TEAM = 6PALB6K8YY;
				ENABLE_PREVIEWS = YES;
				GENERATE_INFOPLIST_FILE = YES;
				INFOPLIST_KEY_UIApplicationSceneManifest_Generation = YES;
				INFOPLIST_KEY_UIApplicationSupportsIndirectInputEvents = YES;
				INFOPLIST_KEY_UILaunchScreen_Generation = YES;
				INFOPLIST_KEY_UISupportedInterfaceOrientations_iPad = "UIInterfaceOrientationPortrait UIInterfaceOrientationPortraitUpsideDown UIInterfaceOrientationLandscapeLeft UIInterfaceOrientationLandscapeRight";
				INFOPLIST_KEY_UISupportedInterfaceOrientations_iPhone = "UIInterfaceOrientationPortrait UIInterfaceOrientationLandscapeLeft UIInterfaceOrientationLandscapeRight";
				LD_RUNPATH_SEARCH_PATHS = (
					"$(inherited)",
					"@executable_path/Frameworks",
				);
				MARKETING_VERSION = 1.0;
				PRODUCT_BUNDLE_IDENTIFIER = com.devmehmetates.SnowSeeker;
				PRODUCT_NAME = "$(TARGET_NAME)";
				SWIFT_EMIT_LOC_STRINGS = YES;
				SWIFT_VERSION = 5.0;
				TARGETED_DEVICE_FAMILY = "1,2";
			};
			name = Release;
		};
/* End XCBuildConfiguration section */

/* Begin XCConfigurationList section */
		C023875D286CB1C400958730 /* Build configuration list for PBXProject "SnowSeeker" */ = {
			isa = XCConfigurationList;
			buildConfigurations = (
				C023876E286CB1C600958730 /* Debug */,
				C023876F286CB1C600958730 /* Release */,
			);
			defaultConfigurationIsVisible = 0;
			defaultConfigurationName = Release;
		};
		C0238770286CB1C600958730 /* Build configuration list for PBXNativeTarget "SnowSeeker" */ = {
			isa = XCConfigurationList;
			buildConfigurations = (
				C0238771286CB1C600958730 /* Debug */,
				C0238772286CB1C600958730 /* Release */,
			);
			defaultConfigurationIsVisible = 0;
			defaultConfigurationName = Release;
		};
/* End XCConfigurationList section */
	};
	rootObject = C023875A286CB1C400958730 /* Project object */;
}
