// !$*UTF8*$!
{
	archiveVersion = 1;
	classes = {
	};
	objectVersion = 55;
	objects = {

/* Begin PBXBuildFile section */
		2E0272EA2792F4C600361018 /* AppDelegate.swift in Sources */ = {isa = PBXBuildFile; fileRef = 2E0272E92792F4C600361018 /* AppDelegate.swift */; };
		2E0272EC2792F4C600361018 /* SceneDelegate.swift in Sources */ = {isa = PBXBuildFile; fileRef = 2E0272EB2792F4C600361018 /* SceneDelegate.swift */; };
		2E0272EE2792F4C600361018 /* ViewController.swift in Sources */ = {isa = PBXBuildFile; fileRef = 2E0272ED2792F4C600361018 /* ViewController.swift */; };
		2E0272F12792F4C600361018 /* Main.storyboard in Resources */ = {isa = PBXBuildFile; fileRef = 2E0272EF2792F4C600361018 /* Main.storyboard */; };
		2E0272F32792F4C700361018 /* Assets.xcassets in Resources */ = {isa = PBXBuildFile; fileRef = 2E0272F22792F4C700361018 /* Assets.xcassets */; };
		2E0272F62792F4C700361018 /* LaunchScreen.storyboard in Resources */ = {isa = PBXBuildFile; fileRef = 2E0272F42792F4C700361018 /* LaunchScreen.storyboard */; };
		2E328EC327955CAC00653414 /* DetailViewController.swift in Sources */ = {isa = PBXBuildFile; fileRef = 2E328EC227955CAC00653414 /* DetailViewController.swift */; };
		2E49AAEF27941BFC00A096A1 /* nssl0051.jpeg in Resources */ = {isa = PBXBuildFile; fileRef = 2E49AAE527941BFC00A096A1 /* nssl0051.jpeg */; };
		2E49AAF027941BFC00A096A1 /* nssl0046.jpeg in Resources */ = {isa = PBXBuildFile; fileRef = 2E49AAE627941BFC00A096A1 /* nssl0046.jpeg */; };
		2E49AAF127941BFC00A096A1 /* nssl0041.jpeg in Resources */ = {isa = PBXBuildFile; fileRef = 2E49AAE727941BFC00A096A1 /* nssl0041.jpeg */; };
		2E49AAF227941BFC00A096A1 /* nssl0034.jpeg in Resources */ = {isa = PBXBuildFile; fileRef = 2E49AAE827941BFC00A096A1 /* nssl0034.jpeg */; };
		2E49AAF327941BFC00A096A1 /* nssl0043.jpeg in Resources */ = {isa = PBXBuildFile; fileRef = 2E49AAE927941BFC00A096A1 /* nssl0043.jpeg */; };
		2E49AAF427941BFC00A096A1 /* nssl0042.jpeg in Resources */ = {isa = PBXBuildFile; fileRef = 2E49AAEA27941BFC00A096A1 /* nssl0042.jpeg */; };
		2E49AAF527941BFC00A096A1 /* nssl0045.jpeg in Resources */ = {isa = PBXBuildFile; fileRef = 2E49AAEB27941BFC00A096A1 /* nssl0045.jpeg */; };
		2E49AAF627941BFC00A096A1 /* nssl0049.jpeg in Resources */ = {isa = PBXBuildFile; fileRef = 2E49AAEC27941BFC00A096A1 /* nssl0049.jpeg */; };
		2E49AAF727941BFC00A096A1 /* nssl0033.jpeg in Resources */ = {isa = PBXBuildFile; fileRef = 2E49AAED27941BFC00A096A1 /* nssl0033.jpeg */; };
		2E49AAF827941BFC00A096A1 /* nssl0091.jpeg in Resources */ = {isa = PBXBuildFile; fileRef = 2E49AAEE27941BFC00A096A1 /* nssl0091.jpeg */; };
		2EAB621A27B9722F00CF7E05 /* PictureCell.swift in Sources */ = {isa = PBXBuildFile; fileRef = 2EAB621927B9722F00CF7E05 /* PictureCell.swift */; };
/* End PBXBuildFile section */

/* Begin PBXFileReference section */
		2E0272E62792F4C600361018 /* Day16-18.app */ = {isa = PBXFileReference; explicitFileType = wrapper.application; includeInIndex = 0; path = "Day16-18.app"; sourceTree = BUILT_PRODUCTS_DIR; };
		2E0272E92792F4C600361018 /* AppDelegate.swift */ = {isa = PBXFileReference; lastKnownFileType = sourcecode.swift; path = AppDelegate.swift; sourceTree = "<group>"; };
		2E0272EB2792F4C600361018 /* SceneDelegate.swift */ = {isa = PBXFileReference; lastKnownFileType = sourcecode.swift; path = SceneDelegate.swift; sourceTree = "<group>"; };
		2E0272ED2792F4C600361018 /* ViewController.swift */ = {isa = PBXFileReference; lastKnownFileType = sourcecode.swift; path = ViewController.swift; sourceTree = "<group>"; };
		2E0272F02792F4C600361018 /* Base */ = {isa = PBXFileReference; lastKnownFileType = file.storyboard; name = Base; path = Base.lproj/Main.storyboard; sourceTree = "<group>"; };
		2E0272F22792F4C700361018 /* Assets.xcassets */ = {isa = PBXFileReference; lastKnownFileType = folder.assetcatalog; path = Assets.xcassets; sourceTree = "<group>"; };
		2E0272F52792F4C700361018 /* Base */ = {isa = PBXFileReference; lastKnownFileType = file.storyboard; name = Base; path = Base.lproj/LaunchScreen.storyboard; sourceTree = "<group>"; };
		2E0272F72792F4C700361018 /* Info.plist */ = {isa = PBXFileReference; lastKnownFileType = text.plist.xml; path = Info.plist; sourceTree = "<group>"; };
		2E328EC227955CAC00653414 /* DetailViewController.swift */ = {isa = PBXFileReference; lastKnownFileType = sourcecode.swift; path = DetailViewController.swift; sourceTree = "<group>"; };
		2E49AAE527941BFC00A096A1 /* nssl0051.jpeg */ = {isa = PBXFileReference; lastKnownFileType = image.jpeg; path = nssl0051.jpeg; sourceTree = "<group>"; };
		2E49AAE627941BFC00A096A1 /* nssl0046.jpeg */ = {isa = PBXFileReference; lastKnownFileType = image.jpeg; path = nssl0046.jpeg; sourceTree = "<group>"; };
		2E49AAE727941BFC00A096A1 /* nssl0041.jpeg */ = {isa = PBXFileReference; lastKnownFileType = image.jpeg; path = nssl0041.jpeg; sourceTree = "<group>"; };
		2E49AAE827941BFC00A096A1 /* nssl0034.jpeg */ = {isa = PBXFileReference; lastKnownFileType = image.jpeg; path = nssl0034.jpeg; sourceTree = "<group>"; };
		2E49AAE927941BFC00A096A1 /* nssl0043.jpeg */ = {isa = PBXFileReference; lastKnownFileType = image.jpeg; path = nssl0043.jpeg; sourceTree = "<group>"; };
		2E49AAEA27941BFC00A096A1 /* nssl0042.jpeg */ = {isa = PBXFileReference; lastKnownFileType = image.jpeg; path = nssl0042.jpeg; sourceTree = "<group>"; };
		2E49AAEB27941BFC00A096A1 /* nssl0045.jpeg */ = {isa = PBXFileReference; lastKnownFileType = image.jpeg; path = nssl0045.jpeg; sourceTree = "<group>"; };
		2E49AAEC27941BFC00A096A1 /* nssl0049.jpeg */ = {isa = PBXFileReference; lastKnownFileType = image.jpeg; path = nssl0049.jpeg; sourceTree = "<group>"; };
		2E49AAED27941BFC00A096A1 /* nssl0033.jpeg */ = {isa = PBXFileReference; lastKnownFileType = image.jpeg; path = nssl0033.jpeg; sourceTree = "<group>"; };
		2E49AAEE27941BFC00A096A1 /* nssl0091.jpeg */ = {isa = PBXFileReference; lastKnownFileType = image.jpeg; path = nssl0091.jpeg; sourceTree = "<group>"; };
		2EAB621927B9722F00CF7E05 /* PictureCell.swift */ = {isa = PBXFileReference; lastKnownFileType = sourcecode.swift; path = PictureCell.swift; sourceTree = "<group>"; };
/* End PBXFileReference section */

/* Begin PBXFrameworksBuildPhase section */
		2E0272E32792F4C600361018 /* Frameworks */ = {
			isa = PBXFrameworksBuildPhase;
			buildActionMask = 2147483647;
			files = (
			);
			runOnlyForDeploymentPostprocessing = 0;
		};
/* End PBXFrameworksBuildPhase section */

/* Begin PBXGroup section */
		2E0272DD2792F4C600361018 = {
			isa = PBXGroup;
			children = (
				2E0272E82792F4C600361018 /* Day16-18 */,
				2E0272E72792F4C600361018 /* Products */,
			);
			sourceTree = "<group>";
		};
		2E0272E72792F4C600361018 /* Products */ = {
			isa = PBXGroup;
			children = (
				2E0272E62792F4C600361018 /* Day16-18.app */,
			);
			name = Products;
			sourceTree = "<group>";
		};
		2E0272E82792F4C600361018 /* Day16-18 */ = {
			isa = PBXGroup;
			children = (
				2E0272E92792F4C600361018 /* AppDelegate.swift */,
				2E0272EB2792F4C600361018 /* SceneDelegate.swift */,
				2E0272ED2792F4C600361018 /* ViewController.swift */,
				2E328EC227955CAC00653414 /* DetailViewController.swift */,
				2E0272EF2792F4C600361018 /* Main.storyboard */,
				2EAB621927B9722F00CF7E05 /* PictureCell.swift */,
				2E0272F22792F4C700361018 /* Assets.xcassets */,
				2E0272F42792F4C700361018 /* LaunchScreen.storyboard */,
				2E0272F72792F4C700361018 /* Info.plist */,
				2E49AAE427941BFC00A096A1 /* Content */,
			);
			path = "Day16-18";
			sourceTree = "<group>";
		};
		2E49AAE427941BFC00A096A1 /* Content */ = {
			isa = PBXGroup;
			children = (
				2E49AAE527941BFC00A096A1 /* nssl0051.jpeg */,
				2E49AAE627941BFC00A096A1 /* nssl0046.jpeg */,
				2E49AAE727941BFC00A096A1 /* nssl0041.jpeg */,
				2E49AAE827941BFC00A096A1 /* nssl0034.jpeg */,
				2E49AAE927941BFC00A096A1 /* nssl0043.jpeg */,
				2E49AAEA27941BFC00A096A1 /* nssl0042.jpeg */,
				2E49AAEB27941BFC00A096A1 /* nssl0045.jpeg */,
				2E49AAEC27941BFC00A096A1 /* nssl0049.jpeg */,
				2E49AAED27941BFC00A096A1 /* nssl0033.jpeg */,
				2E49AAEE27941BFC00A096A1 /* nssl0091.jpeg */,
			);
			path = Content;
			sourceTree = "<group>";
		};
/* End PBXGroup section */

/* Begin PBXNativeTarget section */
		2E0272E52792F4C600361018 /* Day16-18 */ = {
			isa = PBXNativeTarget;
			buildConfigurationList = 2E0272FA2792F4C700361018 /* Build configuration list for PBXNativeTarget "Day16-18" */;
			buildPhases = (
				2E0272E22792F4C600361018 /* Sources */,
				2E0272E32792F4C600361018 /* Frameworks */,
				2E0272E42792F4C600361018 /* Resources */,
			);
			buildRules = (
			);
			dependencies = (
			);
			name = "Day16-18";
			productName = "Day16-18";
			productReference = 2E0272E62792F4C600361018 /* Day16-18.app */;
			productType = "com.apple.product-type.application";
		};
/* End PBXNativeTarget section */

/* Begin PBXProject section */
		2E0272DE2792F4C600361018 /* Project object */ = {
			isa = PBXProject;
			attributes = {
				BuildIndependentTargetsInParallel = 1;
				LastSwiftUpdateCheck = 1320;
				LastUpgradeCheck = 1320;
				TargetAttributes = {
					2E0272E52792F4C600361018 = {
						CreatedOnToolsVersion = 13.2.1;
					};
				};
			};
			buildConfigurationList = 2E0272E12792F4C600361018 /* Build configuration list for PBXProject "Day16-18" */;
			compatibilityVersion = "Xcode 13.0";
			developmentRegion = en;
			hasScannedForEncodings = 0;
			knownRegions = (
				en,
				Base,
			);
			mainGroup = 2E0272DD2792F4C600361018;
			productRefGroup = 2E0272E72792F4C600361018 /* Products */;
			projectDirPath = "";
			projectRoot = "";
			targets = (
				2E0272E52792F4C600361018 /* Day16-18 */,
			);
		};
/* End PBXProject section */

/* Begin PBXResourcesBuildPhase section */
		2E0272E42792F4C600361018 /* Resources */ = {
			isa = PBXResourcesBuildPhase;
			buildActionMask = 2147483647;
			files = (
				2E49AAF327941BFC00A096A1 /* nssl0043.jpeg in Resources */,
				2E0272F62792F4C700361018 /* LaunchScreen.storyboard in Resources */,
				2E49AAF027941BFC00A096A1 /* nssl0046.jpeg in Resources */,
				2E49AAF227941BFC00A096A1 /* nssl0034.jpeg in Resources */,
				2E49AAF127941BFC00A096A1 /* nssl0041.jpeg in Resources */,
				2E0272F32792F4C700361018 /* Assets.xcassets in Resources */,
				2E49AAF527941BFC00A096A1 /* nssl0045.jpeg in Resources */,
				2E0272F12792F4C600361018 /* Main.storyboard in Resources */,
				2E49AAEF27941BFC00A096A1 /* nssl0051.jpeg in Resources */,
				2E49AAF827941BFC00A096A1 /* nssl0091.jpeg in Resources */,
				2E49AAF627941BFC00A096A1 /* nssl0049.jpeg in Resources */,
				2E49AAF427941BFC00A096A1 /* nssl0042.jpeg in Resources */,
				2E49AAF727941BFC00A096A1 /* nssl0033.jpeg in Resources */,
			);
			runOnlyForDeploymentPostprocessing = 0;
		};
/* End PBXResourcesBuildPhase section */

/* Begin PBXSourcesBuildPhase section */
		2E0272E22792F4C600361018 /* Sources */ = {
			isa = PBXSourcesBuildPhase;
			buildActionMask = 2147483647;
			files = (
				2E0272EE2792F4C600361018 /* ViewController.swift in Sources */,
				2E0272EA2792F4C600361018 /* AppDelegate.swift in Sources */,
				2EAB621A27B9722F00CF7E05 /* PictureCell.swift in Sources */,
				2E0272EC2792F4C600361018 /* SceneDelegate.swift in Sources */,
				2E328EC327955CAC00653414 /* DetailViewController.swift in Sources */,
			);
			runOnlyForDeploymentPostprocessing = 0;
		};
/* End PBXSourcesBuildPhase section */

/* Begin PBXVariantGroup section */
		2E0272EF2792F4C600361018 /* Main.storyboard */ = {
			isa = PBXVariantGroup;
			children = (
				2E0272F02792F4C600361018 /* Base */,
			);
			name = Main.storyboard;
			sourceTree = "<group>";
		};
		2E0272F42792F4C700361018 /* LaunchScreen.storyboard */ = {
			isa = PBXVariantGroup;
			children = (
				2E0272F52792F4C700361018 /* Base */,
			);
			name = LaunchScreen.storyboard;
			sourceTree = "<group>";
		};
/* End PBXVariantGroup section */

/* Begin XCBuildConfiguration section */
		2E0272F82792F4C700361018 /* Debug */ = {
			isa = XCBuildConfiguration;
			buildSettings = {
				ALWAYS_SEARCH_USER_PATHS = NO;
				CLANG_ANALYZER_NONNULL = YES;
				CLANG_ANALYZER_NUMBER_OBJECT_CONVERSION = YES_AGGRESSIVE;
				CLANG_CXX_LANGUAGE_STANDARD = "gnu++17";
				CLANG_CXX_LIBRARY = "libc++";
				CLANG_ENABLE_MODULES = YES;
				CLANG_ENABLE_OBJC_ARC = YES;
				CLANG_ENABLE_OBJC_WEAK = YES;
				CLANG_WARN_BLOCK_CAPTURE_AUTORELEASING = YES;
				CLANG_WARN_BOOL_CONVERSION = YES;
				CLANG_WARN_COMMA = YES;
				CLANG_WARN_CONSTANT_CONVERSION = YES;
				CLANG_WARN_DEPRECATED_OBJC_IMPLEMENTATIONS = YES;
				CLANG_WARN_DIRECT_OBJC_ISA_USAGE = YES_ERROR;
				CLANG_WARN_DOCUMENTATION_COMMENTS = YES;
				CLANG_WARN_EMPTY_BODY = YES;
				CLANG_WARN_ENUM_CONVERSION = YES;
				CLANG_WARN_INFINITE_RECURSION = YES;
				CLANG_WARN_INT_CONVERSION = YES;
				CLANG_WARN_NON_LITERAL_NULL_CONVERSION = YES;
				CLANG_WARN_OBJC_IMPLICIT_RETAIN_SELF = YES;
				CLANG_WARN_OBJC_LITERAL_CONVERSION = YES;
				CLANG_WARN_OBJC_ROOT_CLASS = YES_ERROR;
				CLANG_WARN_QUOTED_INCLUDE_IN_FRAMEWORK_HEADER = YES;
				CLANG_WARN_RANGE_LOOP_ANALYSIS = YES;
				CLANG_WARN_STRICT_PROTOTYPES = YES;
				CLANG_WARN_SUSPICIOUS_MOVE = YES;
				CLANG_WARN_UNGUARDED_AVAILABILITY = YES_AGGRESSIVE;
				CLANG_WARN_UNREACHABLE_CODE = YES;
				CLANG_WARN__DUPLICATE_METHOD_MATCH = YES;
				COPY_PHASE_STRIP = NO;
				DEBUG_INFORMATION_FORMAT = dwarf;
				ENABLE_STRICT_OBJC_MSGSEND = YES;
				ENABLE_TESTABILITY = YES;
				GCC_C_LANGUAGE_STANDARD = gnu11;
				GCC_DYNAMIC_NO_PIC = NO;
				GCC_NO_COMMON_BLOCKS = YES;
				GCC_OPTIMIZATION_LEVEL = 0;
				GCC_PREPROCESSOR_DEFINITIONS = (
					"DEBUG=1",
					"$(inherited)",
				);
				GCC_WARN_64_TO_32_BIT_CONVERSION = YES;
				GCC_WARN_ABOUT_RETURN_TYPE = YES_ERROR;
				GCC_WARN_UNDECLARED_SELECTOR = YES;
				GCC_WARN_UNINITIALIZED_AUTOS = YES_AGGRESSIVE;
				GCC_WARN_UNUSED_FUNCTION = YES;
				GCC_WARN_UNUSED_VARIABLE = YES;
				IPHONEOS_DEPLOYMENT_TARGET = 15.2;
				MTL_ENABLE_DEBUG_INFO = INCLUDE_SOURCE;
				MTL_FAST_MATH = YES;
				ONLY_ACTIVE_ARCH = YES;
				SDKROOT = iphoneos;
				SWIFT_ACTIVE_COMPILATION_CONDITIONS = DEBUG;
				SWIFT_OPTIMIZATION_LEVEL = "-Onone";
			};
			name = Debug;
		};
		2E0272F92792F4C700361018 /* Release */ = {
			isa = XCBuildConfiguration;
			buildSettings = {
				ALWAYS_SEARCH_USER_PATHS = NO;
				CLANG_ANALYZER_NONNULL = YES;
				CLANG_ANALYZER_NUMBER_OBJECT_CONVERSION = YES_AGGRESSIVE;
				CLANG_CXX_LANGUAGE_STANDARD = "gnu++17";
				CLANG_CXX_LIBRARY = "libc++";
				CLANG_ENABLE_MODULES = YES;
				CLANG_ENABLE_OBJC_ARC = YES;
				CLANG_ENABLE_OBJC_WEAK = YES;
				CLANG_WARN_BLOCK_CAPTURE_AUTORELEASING = YES;
				CLANG_WARN_BOOL_CONVERSION = YES;
				CLANG_WARN_COMMA = YES;
				CLANG_WARN_CONSTANT_CONVERSION = YES;
				CLANG_WARN_DEPRECATED_OBJC_IMPLEMENTATIONS = YES;
				CLANG_WARN_DIRECT_OBJC_ISA_USAGE = YES_ERROR;
				CLANG_WARN_DOCUMENTATION_COMMENTS = YES;
				CLANG_WARN_EMPTY_BODY = YES;
				CLANG_WARN_ENUM_CONVERSION = YES;
				CLANG_WARN_INFINITE_RECURSION = YES;
				CLANG_WARN_INT_CONVERSION = YES;
				CLANG_WARN_NON_LITERAL_NULL_CONVERSION = YES;
				CLANG_WARN_OBJC_IMPLICIT_RETAIN_SELF = YES;
				CLANG_WARN_OBJC_LITERAL_CONVERSION = YES;
				CLANG_WARN_OBJC_ROOT_CLASS = YES_ERROR;
				CLANG_WARN_QUOTED_INCLUDE_IN_FRAMEWORK_HEADER = YES;
				CLANG_WARN_RANGE_LOOP_ANALYSIS = YES;
				CLANG_WARN_STRICT_PROTOTYPES = YES;
				CLANG_WARN_SUSPICIOUS_MOVE = YES;
				CLANG_WARN_UNGUARDED_AVAILABILITY = YES_AGGRESSIVE;
				CLANG_WARN_UNREACHABLE_CODE = YES;
				CLANG_WARN__DUPLICATE_METHOD_MATCH = YES;
				COPY_PHASE_STRIP = NO;
				DEBUG_INFORMATION_FORMAT = "dwarf-with-dsym";
				ENABLE_NS_ASSERTIONS = NO;
				ENABLE_STRICT_OBJC_MSGSEND = YES;
				GCC_C_LANGUAGE_STANDARD = gnu11;
				GCC_NO_COMMON_BLOCKS = YES;
				GCC_WARN_64_TO_32_BIT_CONVERSION = YES;
				GCC_WARN_ABOUT_RETURN_TYPE = YES_ERROR;
				GCC_WARN_UNDECLARED_SELECTOR = YES;
				GCC_WARN_UNINITIALIZED_AUTOS = YES_AGGRESSIVE;
				GCC_WARN_UNUSED_FUNCTION = YES;
				GCC_WARN_UNUSED_VARIABLE = YES;
				IPHONEOS_DEPLOYMENT_TARGET = 15.2;
				MTL_ENABLE_DEBUG_INFO = NO;
				MTL_FAST_MATH = YES;
				SDKROOT = iphoneos;
				SWIFT_COMPILATION_MODE = wholemodule;
				SWIFT_OPTIMIZATION_LEVEL = "-O";
				VALIDATE_PRODUCT = YES;
			};
			name = Release;
		};
		2E0272FB2792F4C700361018 /* Debug */ = {
			isa = XCBuildConfiguration;
			buildSettings = {
				ASSETCATALOG_COMPILER_APPICON_NAME = AppIcon;
				ASSETCATALOG_COMPILER_GLOBAL_ACCENT_COLOR_NAME = AccentColor;
				CODE_SIGN_STYLE = Automatic;
				CURRENT_PROJECT_VERSION = 1;
				DEVELOPMENT_TEAM = 6PALB6K8YY;
				GENERATE_INFOPLIST_FILE = YES;
				INFOPLIST_FILE = "Day16-18/Info.plist";
				INFOPLIST_KEY_UIApplicationSupportsIndirectInputEvents = YES;
				INFOPLIST_KEY_UILaunchStoryboardName = LaunchScreen;
				INFOPLIST_KEY_UIMainStoryboardFile = Main;
				INFOPLIST_KEY_UISupportedInterfaceOrientations_iPad = "UIInterfaceOrientationPortrait UIInterfaceOrientationPortraitUpsideDown UIInterfaceOrientationLandscapeLeft UIInterfaceOrientationLandscapeRight";
				INFOPLIST_KEY_UISupportedInterfaceOrientations_iPhone = "UIInterfaceOrientationPortrait UIInterfaceOrientationLandscapeLeft UIInterfaceOrientationLandscapeRight";
				LD_RUNPATH_SEARCH_PATHS = (
					"$(inherited)",
					"@executable_path/Frameworks",
				);
				MARKETING_VERSION = 1.0;
				PRODUCT_BUNDLE_IDENTIFIER = "com.devmehmetates.Day16-18";
				PRODUCT_NAME = "$(TARGET_NAME)";
				SWIFT_EMIT_LOC_STRINGS = YES;
				SWIFT_VERSION = 5.0;
				TARGETED_DEVICE_FAMILY = "1,2";
			};
			name = Debug;
		};
		2E0272FC2792F4C700361018 /* Release */ = {
			isa = XCBuildConfiguration;
			buildSettings = {
				ASSETCATALOG_COMPILER_APPICON_NAME = AppIcon;
				ASSETCATALOG_COMPILER_GLOBAL_ACCENT_COLOR_NAME = AccentColor;
				CODE_SIGN_STYLE = Automatic;
				CURRENT_PROJECT_VERSION = 1;
				DEVELOPMENT_TEAM = 6PALB6K8YY;
				GENERATE_INFOPLIST_FILE = YES;
				INFOPLIST_FILE = "Day16-18/Info.plist";
				INFOPLIST_KEY_UIApplicationSupportsIndirectInputEvents = YES;
				INFOPLIST_KEY_UILaunchStoryboardName = LaunchScreen;
				INFOPLIST_KEY_UIMainStoryboardFile = Main;
				INFOPLIST_KEY_UISupportedInterfaceOrientations_iPad = "UIInterfaceOrientationPortrait UIInterfaceOrientationPortraitUpsideDown UIInterfaceOrientationLandscapeLeft UIInterfaceOrientationLandscapeRight";
				INFOPLIST_KEY_UISupportedInterfaceOrientations_iPhone = "UIInterfaceOrientationPortrait UIInterfaceOrientationLandscapeLeft UIInterfaceOrientationLandscapeRight";
				LD_RUNPATH_SEARCH_PATHS = (
					"$(inherited)",
					"@executable_path/Frameworks",
				);
				MARKETING_VERSION = 1.0;
				PRODUCT_BUNDLE_IDENTIFIER = "com.devmehmetates.Day16-18";
				PRODUCT_NAME = "$(TARGET_NAME)";
				SWIFT_EMIT_LOC_STRINGS = YES;
				SWIFT_VERSION = 5.0;
				TARGETED_DEVICE_FAMILY = "1,2";
			};
			name = Release;
		};
/* End XCBuildConfiguration section */

/* Begin XCConfigurationList section */
		2E0272E12792F4C600361018 /* Build configuration list for PBXProject "Day16-18" */ = {
			isa = XCConfigurationList;
			buildConfigurations = (
				2E0272F82792F4C700361018 /* Debug */,
				2E0272F92792F4C700361018 /* Release */,
			);
			defaultConfigurationIsVisible = 0;
			defaultConfigurationName = Release;
		};
		2E0272FA2792F4C700361018 /* Build configuration list for PBXNativeTarget "Day16-18" */ = {
			isa = XCConfigurationList;
			buildConfigurations = (
				2E0272FB2792F4C700361018 /* Debug */,
				2E0272FC2792F4C700361018 /* Release */,
			);
			defaultConfigurationIsVisible = 0;
			defaultConfigurationName = Release;
		};
/* End XCConfigurationList section */
	};
	rootObject = 2E0272DE2792F4C600361018 /* Project object */;
}
