// !$*UTF8*$!
{
	archiveVersion = 1;
	classes = {
	};
	objectVersion = 55;
	objects = {

/* Begin PBXBuildFile section */
		2E61B8392809CDC000FD619E /* Guess_the_FlagApp.swift in Sources */ = {isa = PBXBuildFile; fileRef = 2E61B8382809CDC000FD619E /* Guess_the_FlagApp.swift */; };
		2E61B83B2809CDC000FD619E /* ContentView.swift in Sources */ = {isa = PBXBuildFile; fileRef = 2E61B83A2809CDC000FD619E /* ContentView.swift */; };
		2E61B83D2809CDC200FD619E /* Assets.xcassets in Resources */ = {isa = PBXBuildFile; fileRef = 2E61B83C2809CDC200FD619E /* Assets.xcassets */; };
		2E61B8402809CDC200FD619E /* Preview Assets.xcassets in Resources */ = {isa = PBXBuildFile; fileRef = 2E61B83F2809CDC200FD619E /* Preview Assets.xcassets */; };
		2EBCCBEB2809E74D0065B060 /* Stacks.swift in Sources */ = {isa = PBXBuildFile; fileRef = 2EBCCBEA2809E74D0065B060 /* Stacks.swift */; };
		2EBCCBED2809EB8E0065B060 /* ColorsAndFrames.swift in Sources */ = {isa = PBXBuildFile; fileRef = 2EBCCBEC2809EB8E0065B060 /* ColorsAndFrames.swift */; };
		2EBCCBEF2809ECD30065B060 /* Gradients.swift in Sources */ = {isa = PBXBuildFile; fileRef = 2EBCCBEE2809ECD30065B060 /* Gradients.swift */; };
		2EBCCBF12809EE680065B060 /* ButtonsAndImages.swift in Sources */ = {isa = PBXBuildFile; fileRef = 2EBCCBF02809EE680065B060 /* ButtonsAndImages.swift */; };
		2EBCCBF42809EF7C0065B060 /* Alerts.swift in Sources */ = {isa = PBXBuildFile; fileRef = 2EBCCBF32809EF7C0065B060 /* Alerts.swift */; };
/* End PBXBuildFile section */

/* Begin PBXFileReference section */
		2E61B8352809CDC000FD619E /* Guess the Flag.app */ = {isa = PBXFileReference; explicitFileType = wrapper.application; includeInIndex = 0; path = "Guess the Flag.app"; sourceTree = BUILT_PRODUCTS_DIR; };
		2E61B8382809CDC000FD619E /* Guess_the_FlagApp.swift */ = {isa = PBXFileReference; lastKnownFileType = sourcecode.swift; path = Guess_the_FlagApp.swift; sourceTree = "<group>"; };
		2E61B83A2809CDC000FD619E /* ContentView.swift */ = {isa = PBXFileReference; lastKnownFileType = sourcecode.swift; path = ContentView.swift; sourceTree = "<group>"; };
		2E61B83C2809CDC200FD619E /* Assets.xcassets */ = {isa = PBXFileReference; lastKnownFileType = folder.assetcatalog; path = Assets.xcassets; sourceTree = "<group>"; };
		2E61B83F2809CDC200FD619E /* Preview Assets.xcassets */ = {isa = PBXFileReference; lastKnownFileType = folder.assetcatalog; path = "Preview Assets.xcassets"; sourceTree = "<group>"; };
		2EBCCBEA2809E74D0065B060 /* Stacks.swift */ = {isa = PBXFileReference; lastKnownFileType = sourcecode.swift; path = Stacks.swift; sourceTree = "<group>"; };
		2EBCCBEC2809EB8E0065B060 /* ColorsAndFrames.swift */ = {isa = PBXFileReference; lastKnownFileType = sourcecode.swift; path = ColorsAndFrames.swift; sourceTree = "<group>"; };
		2EBCCBEE2809ECD30065B060 /* Gradients.swift */ = {isa = PBXFileReference; lastKnownFileType = sourcecode.swift; path = Gradients.swift; sourceTree = "<group>"; };
		2EBCCBF02809EE680065B060 /* ButtonsAndImages.swift */ = {isa = PBXFileReference; lastKnownFileType = sourcecode.swift; path = ButtonsAndImages.swift; sourceTree = "<group>"; };
		2EBCCBF32809EF7C0065B060 /* Alerts.swift */ = {isa = PBXFileReference; lastKnownFileType = sourcecode.swift; path = Alerts.swift; sourceTree = "<group>"; };
/* End PBXFileReference section */

/* Begin PBXFrameworksBuildPhase section */
		2E61B8322809CDC000FD619E /* Frameworks */ = {
			isa = PBXFrameworksBuildPhase;
			buildActionMask = 2147483647;
			files = (
			);
			runOnlyForDeploymentPostprocessing = 0;
		};
/* End PBXFrameworksBuildPhase section */

/* Begin PBXGroup section */
		2E61B82C2809CDC000FD619E = {
			isa = PBXGroup;
			children = (
				2E61B8372809CDC000FD619E /* Guess the Flag */,
				2E61B8362809CDC000FD619E /* Products */,
			);
			sourceTree = "<group>";
		};
		2E61B8362809CDC000FD619E /* Products */ = {
			isa = PBXGroup;
			children = (
				2E61B8352809CDC000FD619E /* Guess the Flag.app */,
			);
			name = Products;
			sourceTree = "<group>";
		};
		2E61B8372809CDC000FD619E /* Guess the Flag */ = {
			isa = PBXGroup;
			children = (
				2EBCCBF22809EF650065B060 /* Tutorials */,
				2E61B8382809CDC000FD619E /* Guess_the_FlagApp.swift */,
				2E61B83A2809CDC000FD619E /* ContentView.swift */,
				2E61B83C2809CDC200FD619E /* Assets.xcassets */,
				2E61B83E2809CDC200FD619E /* Preview Content */,
			);
			path = "Guess the Flag";
			sourceTree = "<group>";
		};
		2E61B83E2809CDC200FD619E /* Preview Content */ = {
			isa = PBXGroup;
			children = (
				2E61B83F2809CDC200FD619E /* Preview Assets.xcassets */,
			);
			path = "Preview Content";
			sourceTree = "<group>";
		};
		2EBCCBF22809EF650065B060 /* Tutorials */ = {
			isa = PBXGroup;
			children = (
				2EBCCBEC2809EB8E0065B060 /* ColorsAndFrames.swift */,
				2EBCCBEA2809E74D0065B060 /* Stacks.swift */,
				2EBCCBF02809EE680065B060 /* ButtonsAndImages.swift */,
				2EBCCBEE2809ECD30065B060 /* Gradients.swift */,
				2EBCCBF32809EF7C0065B060 /* Alerts.swift */,
			);
			path = Tutorials;
			sourceTree = "<group>";
		};
/* End PBXGroup section */

/* Begin PBXNativeTarget section */
		2E61B8342809CDC000FD619E /* Guess the Flag */ = {
			isa = PBXNativeTarget;
			buildConfigurationList = 2E61B8432809CDC200FD619E /* Build configuration list for PBXNativeTarget "Guess the Flag" */;
			buildPhases = (
				2E61B8312809CDC000FD619E /* Sources */,
				2E61B8322809CDC000FD619E /* Frameworks */,
				2E61B8332809CDC000FD619E /* Resources */,
			);
			buildRules = (
			);
			dependencies = (
			);
			name = "Guess the Flag";
			productName = "Guess the Flag";
			productReference = 2E61B8352809CDC000FD619E /* Guess the Flag.app */;
			productType = "com.apple.product-type.application";
		};
/* End PBXNativeTarget section */

/* Begin PBXProject section */
		2E61B82D2809CDC000FD619E /* Project object */ = {
			isa = PBXProject;
			attributes = {
				BuildIndependentTargetsInParallel = 1;
				LastSwiftUpdateCheck = 1330;
				LastUpgradeCheck = 1330;
				TargetAttributes = {
					2E61B8342809CDC000FD619E = {
						CreatedOnToolsVersion = 13.3;
					};
				};
			};
			buildConfigurationList = 2E61B8302809CDC000FD619E /* Build configuration list for PBXProject "Guess the Flag" */;
			compatibilityVersion = "Xcode 13.0";
			developmentRegion = en;
			hasScannedForEncodings = 0;
			knownRegions = (
				en,
				Base,
			);
			mainGroup = 2E61B82C2809CDC000FD619E;
			productRefGroup = 2E61B8362809CDC000FD619E /* Products */;
			projectDirPath = "";
			projectRoot = "";
			targets = (
				2E61B8342809CDC000FD619E /* Guess the Flag */,
			);
		};
/* End PBXProject section */

/* Begin PBXResourcesBuildPhase section */
		2E61B8332809CDC000FD619E /* Resources */ = {
			isa = PBXResourcesBuildPhase;
			buildActionMask = 2147483647;
			files = (
				2E61B8402809CDC200FD619E /* Preview Assets.xcassets in Resources */,
				2E61B83D2809CDC200FD619E /* Assets.xcassets in Resources */,
			);
			runOnlyForDeploymentPostprocessing = 0;
		};
/* End PBXResourcesBuildPhase section */

/* Begin PBXSourcesBuildPhase section */
		2E61B8312809CDC000FD619E /* Sources */ = {
			isa = PBXSourcesBuildPhase;
			buildActionMask = 2147483647;
			files = (
				2E61B83B2809CDC000FD619E /* ContentView.swift in Sources */,
				2EBCCBEF2809ECD30065B060 /* Gradients.swift in Sources */,
				2EBCCBED2809EB8E0065B060 /* ColorsAndFrames.swift in Sources */,
				2E61B8392809CDC000FD619E /* Guess_the_FlagApp.swift in Sources */,
				2EBCCBF12809EE680065B060 /* ButtonsAndImages.swift in Sources */,
				2EBCCBF42809EF7C0065B060 /* Alerts.swift in Sources */,
				2EBCCBEB2809E74D0065B060 /* Stacks.swift in Sources */,
			);
			runOnlyForDeploymentPostprocessing = 0;
		};
/* End PBXSourcesBuildPhase section */

/* Begin XCBuildConfiguration section */
		2E61B8412809CDC200FD619E /* Debug */ = {
			isa = XCBuildConfiguration;
			buildSettings = {
				ALWAYS_SEARCH_USER_PATHS = NO;
				CLANG_ANALYZER_NONNULL = YES;
				CLANG_ANALYZER_NUMBER_OBJECT_CONVERSION = YES_AGGRESSIVE;
				CLANG_CXX_LANGUAGE_STANDARD = "gnu++17";
				CLANG_ENABLE_MODULES = YES;
				CLANG_ENABLE_OBJC_ARC = YES;
				CLANG_ENABLE_OBJC_WEAK = YES;
				CLANG_WARN_BLOCK_CAPTURE_AUTORELEASING = YES;
				CLANG_WARN_BOOL_CONVERSION = YES;
				CLANG_WARN_COMMA = YES;
				CLANG_WARN_CONSTANT_CONVERSION = YES;
				CLANG_WARN_DEPRECATED_OBJC_IMPLEMENTATIONS = YES;
				CLANG_WARN_DIRECT_OBJC_ISA_USAGE = YES_ERROR;
				CLANG_WARN_DOCUMENTATION_COMMENTS = YES;
				CLANG_WARN_EMPTY_BODY = YES;
				CLANG_WARN_ENUM_CONVERSION = YES;
				CLANG_WARN_INFINITE_RECURSION = YES;
				CLANG_WARN_INT_CONVERSION = YES;
				CLANG_WARN_NON_LITERAL_NULL_CONVERSION = YES;
				CLANG_WARN_OBJC_IMPLICIT_RETAIN_SELF = YES;
				CLANG_WARN_OBJC_LITERAL_CONVERSION = YES;
				CLANG_WARN_OBJC_ROOT_CLASS = YES_ERROR;
				CLANG_WARN_QUOTED_INCLUDE_IN_FRAMEWORK_HEADER = YES;
				CLANG_WARN_RANGE_LOOP_ANALYSIS = YES;
				CLANG_WARN_STRICT_PROTOTYPES = YES;
				CLANG_WARN_SUSPICIOUS_MOVE = YES;
				CLANG_WARN_UNGUARDED_AVAILABILITY = YES_AGGRESSIVE;
				CLANG_WARN_UNREACHABLE_CODE = YES;
				CLANG_WARN__DUPLICATE_METHOD_MATCH = YES;
				COPY_PHASE_STRIP = NO;
				DEBUG_INFORMATION_FORMAT = dwarf;
				ENABLE_STRICT_OBJC_MSGSEND = YES;
				ENABLE_TESTABILITY = YES;
				GCC_C_LANGUAGE_STANDARD = gnu11;
				GCC_DYNAMIC_NO_PIC = NO;
				GCC_NO_COMMON_BLOCKS = YES;
				GCC_OPTIMIZATION_LEVEL = 0;
				GCC_PREPROCESSOR_DEFINITIONS = (
					"DEBUG=1",
					"$(inherited)",
				);
				GCC_WARN_64_TO_32_BIT_CONVERSION = YES;
				GCC_WARN_ABOUT_RETURN_TYPE = YES_ERROR;
				GCC_WARN_UNDECLARED_SELECTOR = YES;
				GCC_WARN_UNINITIALIZED_AUTOS = YES_AGGRESSIVE;
				GCC_WARN_UNUSED_FUNCTION = YES;
				GCC_WARN_UNUSED_VARIABLE = YES;
				IPHONEOS_DEPLOYMENT_TARGET = 15.4;
				MTL_ENABLE_DEBUG_INFO = INCLUDE_SOURCE;
				MTL_FAST_MATH = YES;
				ONLY_ACTIVE_ARCH = YES;
				SDKROOT = iphoneos;
				SWIFT_ACTIVE_COMPILATION_CONDITIONS = DEBUG;
				SWIFT_OPTIMIZATION_LEVEL = "-Onone";
			};
			name = Debug;
		};
		2E61B8422809CDC200FD619E /* Release */ = {
			isa = XCBuildConfiguration;
			buildSettings = {
				ALWAYS_SEARCH_USER_PATHS = NO;
				CLANG_ANALYZER_NONNULL = YES;
				CLANG_ANALYZER_NUMBER_OBJECT_CONVERSION = YES_AGGRESSIVE;
				CLANG_CXX_LANGUAGE_STANDARD = "gnu++17";
				CLANG_ENABLE_MODULES = YES;
				CLANG_ENABLE_OBJC_ARC = YES;
				CLANG_ENABLE_OBJC_WEAK = YES;
				CLANG_WARN_BLOCK_CAPTURE_AUTORELEASING = YES;
				CLANG_WARN_BOOL_CONVERSION = YES;
				CLANG_WARN_COMMA = YES;
				CLANG_WARN_CONSTANT_CONVERSION = YES;
				CLANG_WARN_DEPRECATED_OBJC_IMPLEMENTATIONS = YES;
				CLANG_WARN_DIRECT_OBJC_ISA_USAGE = YES_ERROR;
				CLANG_WARN_DOCUMENTATION_COMMENTS = YES;
				CLANG_WARN_EMPTY_BODY = YES;
				CLANG_WARN_ENUM_CONVERSION = YES;
				CLANG_WARN_INFINITE_RECURSION = YES;
				CLANG_WARN_INT_CONVERSION = YES;
				CLANG_WARN_NON_LITERAL_NULL_CONVERSION = YES;
				CLANG_WARN_OBJC_IMPLICIT_RETAIN_SELF = YES;
				CLANG_WARN_OBJC_LITERAL_CONVERSION = YES;
				CLANG_WARN_OBJC_ROOT_CLASS = YES_ERROR;
				CLANG_WARN_QUOTED_INCLUDE_IN_FRAMEWORK_HEADER = YES;
				CLANG_WARN_RANGE_LOOP_ANALYSIS = YES;
				CLANG_WARN_STRICT_PROTOTYPES = YES;
				CLANG_WARN_SUSPICIOUS_MOVE = YES;
				CLANG_WARN_UNGUARDED_AVAILABILITY = YES_AGGRESSIVE;
				CLANG_WARN_UNREACHABLE_CODE = YES;
				CLANG_WARN__DUPLICATE_METHOD_MATCH = YES;
				COPY_PHASE_STRIP = NO;
				DEBUG_INFORMATION_FORMAT = "dwarf-with-dsym";
				ENABLE_NS_ASSERTIONS = NO;
				ENABLE_STRICT_OBJC_MSGSEND = YES;
				GCC_C_LANGUAGE_STANDARD = gnu11;
				GCC_NO_COMMON_BLOCKS = YES;
				GCC_WARN_64_TO_32_BIT_CONVERSION = YES;
				GCC_WARN_ABOUT_RETURN_TYPE = YES_ERROR;
				GCC_WARN_UNDECLARED_SELECTOR = YES;
				GCC_WARN_UNINITIALIZED_AUTOS = YES_AGGRESSIVE;
				GCC_WARN_UNUSED_FUNCTION = YES;
				GCC_WARN_UNUSED_VARIABLE = YES;
				IPHONEOS_DEPLOYMENT_TARGET = 15.4;
				MTL_ENABLE_DEBUG_INFO = NO;
				MTL_FAST_MATH = YES;
				SDKROOT = iphoneos;
				SWIFT_COMPILATION_MODE = wholemodule;
				SWIFT_OPTIMIZATION_LEVEL = "-O";
				VALIDATE_PRODUCT = YES;
			};
			name = Release;
		};
		2E61B8442809CDC200FD619E /* Debug */ = {
			isa = XCBuildConfiguration;
			buildSettings = {
				ASSETCATALOG_COMPILER_APPICON_NAME = AppIcon;
				ASSETCATALOG_COMPILER_GLOBAL_ACCENT_COLOR_NAME = AccentColor;
				CODE_SIGN_STYLE = Automatic;
				CURRENT_PROJECT_VERSION = 1;
				DEVELOPMENT_ASSET_PATHS = "\"Guess the Flag/Preview Content\"";
				DEVELOPMENT_TEAM = 6PALB6K8YY;
				ENABLE_PREVIEWS = YES;
				GENERATE_INFOPLIST_FILE = YES;
				INFOPLIST_KEY_UIApplicationSceneManifest_Generation = YES;
				INFOPLIST_KEY_UIApplicationSupportsIndirectInputEvents = YES;
				INFOPLIST_KEY_UILaunchScreen_Generation = YES;
				INFOPLIST_KEY_UISupportedInterfaceOrientations_iPad = "UIInterfaceOrientationPortrait UIInterfaceOrientationPortraitUpsideDown UIInterfaceOrientationLandscapeLeft UIInterfaceOrientationLandscapeRight";
				INFOPLIST_KEY_UISupportedInterfaceOrientations_iPhone = "UIInterfaceOrientationPortrait UIInterfaceOrientationLandscapeLeft UIInterfaceOrientationLandscapeRight";
				LD_RUNPATH_SEARCH_PATHS = (
					"$(inherited)",
					"@executable_path/Frameworks",
				);
				MARKETING_VERSION = 1.0;
				PRODUCT_BUNDLE_IDENTIFIER = "com.devmehmetates.Guess-the-Flag";
				PRODUCT_NAME = "$(TARGET_NAME)";
				SWIFT_EMIT_LOC_STRINGS = YES;
				SWIFT_VERSION = 5.0;
				TARGETED_DEVICE_FAMILY = "1,2";
			};
			name = Debug;
		};
		2E61B8452809CDC200FD619E /* Release */ = {
			isa = XCBuildConfiguration;
			buildSettings = {
				ASSETCATALOG_COMPILER_APPICON_NAME = AppIcon;
				ASSETCATALOG_COMPILER_GLOBAL_ACCENT_COLOR_NAME = AccentColor;
				CODE_SIGN_STYLE = Automatic;
				CURRENT_PROJECT_VERSION = 1;
				DEVELOPMENT_ASSET_PATHS = "\"Guess the Flag/Preview Content\"";
				DEVELOPMENT_TEAM = 6PALB6K8YY;
				ENABLE_PREVIEWS = YES;
				GENERATE_INFOPLIST_FILE = YES;
				INFOPLIST_KEY_UIApplicationSceneManifest_Generation = YES;
				INFOPLIST_KEY_UIApplicationSupportsIndirectInputEvents = YES;
				INFOPLIST_KEY_UILaunchScreen_Generation = YES;
				INFOPLIST_KEY_UISupportedInterfaceOrientations_iPad = "UIInterfaceOrientationPortrait UIInterfaceOrientationPortraitUpsideDown UIInterfaceOrientationLandscapeLeft UIInterfaceOrientationLandscapeRight";
				INFOPLIST_KEY_UISupportedInterfaceOrientations_iPhone = "UIInterfaceOrientationPortrait UIInterfaceOrientationLandscapeLeft UIInterfaceOrientationLandscapeRight";
				LD_RUNPATH_SEARCH_PATHS = (
					"$(inherited)",
					"@executable_path/Frameworks",
				);
				MARKETING_VERSION = 1.0;
				PRODUCT_BUNDLE_IDENTIFIER = "com.devmehmetates.Guess-the-Flag";
				PRODUCT_NAME = "$(TARGET_NAME)";
				SWIFT_EMIT_LOC_STRINGS = YES;
				SWIFT_VERSION = 5.0;
				TARGETED_DEVICE_FAMILY = "1,2";
			};
			name = Release;
		};
/* End XCBuildConfiguration section */

/* Begin XCConfigurationList section */
		2E61B8302809CDC000FD619E /* Build configuration list for PBXProject "Guess the Flag" */ = {
			isa = XCConfigurationList;
			buildConfigurations = (
				2E61B8412809CDC200FD619E /* Debug */,
				2E61B8422809CDC200FD619E /* Release */,
			);
			defaultConfigurationIsVisible = 0;
			defaultConfigurationName = Release;
		};
		2E61B8432809CDC200FD619E /* Build configuration list for PBXNativeTarget "Guess the Flag" */ = {
			isa = XCConfigurationList;
			buildConfigurations = (
				2E61B8442809CDC200FD619E /* Debug */,
				2E61B8452809CDC200FD619E /* Release */,
			);
			defaultConfigurationIsVisible = 0;
			defaultConfigurationName = Release;
		};
/* End XCConfigurationList section */
	};
	rootObject = 2E61B82D2809CDC000FD619E /* Project object */;
}
