// !$*UTF8*$!
{
	archiveVersion = 1;
	classes = {
	};
	objectVersion = 55;
	objects = {

/* Begin PBXBuildFile section */
		2E22DEC22823B20D008E476C /* MissionView.swift in Sources */ = {isa = PBXBuildFile; fileRef = 2E22DEC12823B20D008E476C /* MissionView.swift */; };
		2E22DEC42823BF5E008E476C /* AstronautView.swift in Sources */ = {isa = PBXBuildFile; fileRef = 2E22DEC32823BF5E008E476C /* AstronautView.swift */; };
		2E285F5728228A93001860D7 /* missions.json in Resources */ = {isa = PBXBuildFile; fileRef = 2E285F5528228A93001860D7 /* missions.json */; };
		2E285F5828228A93001860D7 /* astronauts.json in Resources */ = {isa = PBXBuildFile; fileRef = 2E285F5628228A93001860D7 /* astronauts.json */; };
		2E285F5C28228B05001860D7 /* Astronaut.swift in Sources */ = {isa = PBXBuildFile; fileRef = 2E285F5B28228B05001860D7 /* Astronaut.swift */; };
		2E285F5E28228B57001860D7 /* Bundle-Decodable.swift in Sources */ = {isa = PBXBuildFile; fileRef = 2E285F5D28228B57001860D7 /* Bundle-Decodable.swift */; };
		2E285F6028229680001860D7 /* Missions.swift in Sources */ = {isa = PBXBuildFile; fileRef = 2E285F5F2822967F001860D7 /* Missions.swift */; };
		2E285F6228229A9D001860D7 /* Color-Theme.swift in Sources */ = {isa = PBXBuildFile; fileRef = 2E285F6128229A9D001860D7 /* Color-Theme.swift */; };
		2EBA455D2821304F00030024 /* MoonshotApp.swift in Sources */ = {isa = PBXBuildFile; fileRef = 2EBA455C2821304F00030024 /* MoonshotApp.swift */; };
		2EBA455F2821304F00030024 /* HomeView.swift in Sources */ = {isa = PBXBuildFile; fileRef = 2EBA455E2821304F00030024 /* HomeView.swift */; };
		2EBA45612821305200030024 /* Assets.xcassets in Resources */ = {isa = PBXBuildFile; fileRef = 2EBA45602821305200030024 /* Assets.xcassets */; };
		2EBA45642821305200030024 /* Preview Assets.xcassets in Resources */ = {isa = PBXBuildFile; fileRef = 2EBA45632821305200030024 /* Preview Assets.xcassets */; };
		2EBA456C2821309D00030024 /* ResizingAndGeometryReader.swift in Sources */ = {isa = PBXBuildFile; fileRef = 2EBA456B2821309D00030024 /* ResizingAndGeometryReader.swift */; };
		2EBA456E2821355700030024 /* ScrollingData.swift in Sources */ = {isa = PBXBuildFile; fileRef = 2EBA456D2821355700030024 /* ScrollingData.swift */; };
		2EBA457028213E0200030024 /* PushingNewVies.swift in Sources */ = {isa = PBXBuildFile; fileRef = 2EBA456F28213E0200030024 /* PushingNewVies.swift */; };
		2EBA45732821400C00030024 /* HierachicalCodableData.swift in Sources */ = {isa = PBXBuildFile; fileRef = 2EBA45722821400C00030024 /* HierachicalCodableData.swift */; };
		2EBA45752821444800030024 /* GridLayout.swift in Sources */ = {isa = PBXBuildFile; fileRef = 2EBA45742821444800030024 /* GridLayout.swift */; };
		2EFF97702824F32D009813EA /* CrewMember.swift in Sources */ = {isa = PBXBuildFile; fileRef = 2EFF976F2824F32D009813EA /* CrewMember.swift */; };
/* End PBXBuildFile section */

/* Begin PBXFileReference section */
		2E22DEC12823B20D008E476C /* MissionView.swift */ = {isa = PBXFileReference; lastKnownFileType = sourcecode.swift; path = MissionView.swift; sourceTree = "<group>"; };
		2E22DEC32823BF5E008E476C /* AstronautView.swift */ = {isa = PBXFileReference; lastKnownFileType = sourcecode.swift; path = AstronautView.swift; sourceTree = "<group>"; };
		2E285F5528228A93001860D7 /* missions.json */ = {isa = PBXFileReference; fileEncoding = 4; lastKnownFileType = text.json; path = missions.json; sourceTree = "<group>"; };
		2E285F5628228A93001860D7 /* astronauts.json */ = {isa = PBXFileReference; fileEncoding = 4; lastKnownFileType = text.json; path = astronauts.json; sourceTree = "<group>"; };
		2E285F5B28228B05001860D7 /* Astronaut.swift */ = {isa = PBXFileReference; lastKnownFileType = sourcecode.swift; path = Astronaut.swift; sourceTree = "<group>"; };
		2E285F5D28228B57001860D7 /* Bundle-Decodable.swift */ = {isa = PBXFileReference; lastKnownFileType = sourcecode.swift; path = "Bundle-Decodable.swift"; sourceTree = "<group>"; };
		2E285F5F2822967F001860D7 /* Missions.swift */ = {isa = PBXFileReference; lastKnownFileType = sourcecode.swift; path = Missions.swift; sourceTree = "<group>"; };
		2E285F6128229A9D001860D7 /* Color-Theme.swift */ = {isa = PBXFileReference; lastKnownFileType = sourcecode.swift; path = "Color-Theme.swift"; sourceTree = "<group>"; };
		2EBA45592821304F00030024 /* Moonshot.app */ = {isa = PBXFileReference; explicitFileType = wrapper.application; includeInIndex = 0; path = Moonshot.app; sourceTree = BUILT_PRODUCTS_DIR; };
		2EBA455C2821304F00030024 /* MoonshotApp.swift */ = {isa = PBXFileReference; lastKnownFileType = sourcecode.swift; path = MoonshotApp.swift; sourceTree = "<group>"; };
		2EBA455E2821304F00030024 /* HomeView.swift */ = {isa = PBXFileReference; lastKnownFileType = sourcecode.swift; path = HomeView.swift; sourceTree = "<group>"; };
		2EBA45602821305200030024 /* Assets.xcassets */ = {isa = PBXFileReference; lastKnownFileType = folder.assetcatalog; path = Assets.xcassets; sourceTree = "<group>"; };
		2EBA45632821305200030024 /* Preview Assets.xcassets */ = {isa = PBXFileReference; lastKnownFileType = folder.assetcatalog; path = "Preview Assets.xcassets"; sourceTree = "<group>"; };
		2EBA456B2821309D00030024 /* ResizingAndGeometryReader.swift */ = {isa = PBXFileReference; lastKnownFileType = sourcecode.swift; path = ResizingAndGeometryReader.swift; sourceTree = "<group>"; };
		2EBA456D2821355700030024 /* ScrollingData.swift */ = {isa = PBXFileReference; lastKnownFileType = sourcecode.swift; path = ScrollingData.swift; sourceTree = "<group>"; };
		2EBA456F28213E0200030024 /* PushingNewVies.swift */ = {isa = PBXFileReference; lastKnownFileType = sourcecode.swift; path = PushingNewVies.swift; sourceTree = "<group>"; };
		2EBA45722821400C00030024 /* HierachicalCodableData.swift */ = {isa = PBXFileReference; lastKnownFileType = sourcecode.swift; path = HierachicalCodableData.swift; sourceTree = "<group>"; };
		2EBA45742821444800030024 /* GridLayout.swift */ = {isa = PBXFileReference; lastKnownFileType = sourcecode.swift; path = GridLayout.swift; sourceTree = "<group>"; };
		2EFF976F2824F32D009813EA /* CrewMember.swift */ = {isa = PBXFileReference; lastKnownFileType = sourcecode.swift; path = CrewMember.swift; sourceTree = "<group>"; };
/* End PBXFileReference section */

/* Begin PBXFrameworksBuildPhase section */
		2EBA45562821304F00030024 /* Frameworks */ = {
			isa = PBXFrameworksBuildPhase;
			buildActionMask = 2147483647;
			files = (
			);
			runOnlyForDeploymentPostprocessing = 0;
		};
/* End PBXFrameworksBuildPhase section */

/* Begin PBXGroup section */
		2E22DEBF2823B1E8008E476C /* Utils */ = {
			isa = PBXGroup;
			children = (
				2EBA455C2821304F00030024 /* MoonshotApp.swift */,
				2E285F6128229A9D001860D7 /* Color-Theme.swift */,
				2E285F5D28228B57001860D7 /* Bundle-Decodable.swift */,
			);
			path = Utils;
			sourceTree = "<group>";
		};
		2E22DEC02823B1FB008E476C /* Views */ = {
			isa = PBXGroup;
			children = (
				2EBA455E2821304F00030024 /* HomeView.swift */,
				2E22DEC12823B20D008E476C /* MissionView.swift */,
				2E22DEC32823BF5E008E476C /* AstronautView.swift */,
			);
			path = Views;
			sourceTree = "<group>";
		};
		2E285F5928228A98001860D7 /* MainApp */ = {
			isa = PBXGroup;
			children = (
				2E22DEC02823B1FB008E476C /* Views */,
				2E22DEBF2823B1E8008E476C /* Utils */,
				2E285F5A28228AF8001860D7 /* Models */,
			);
			path = MainApp;
			sourceTree = "<group>";
		};
		2E285F5A28228AF8001860D7 /* Models */ = {
			isa = PBXGroup;
			children = (
				2E285F5B28228B05001860D7 /* Astronaut.swift */,
				2E285F5F2822967F001860D7 /* Missions.swift */,
				2EFF976F2824F32D009813EA /* CrewMember.swift */,
			);
			path = Models;
			sourceTree = "<group>";
		};
		2EBA45502821304F00030024 = {
			isa = PBXGroup;
			children = (
				2EBA455B2821304F00030024 /* Moonshot */,
				2EBA455A2821304F00030024 /* Products */,
			);
			sourceTree = "<group>";
		};
		2EBA455A2821304F00030024 /* Products */ = {
			isa = PBXGroup;
			children = (
				2EBA45592821304F00030024 /* Moonshot.app */,
			);
			name = Products;
			sourceTree = "<group>";
		};
		2EBA455B2821304F00030024 /* Moonshot */ = {
			isa = PBXGroup;
			children = (
				2E285F5928228A98001860D7 /* MainApp */,
				2EBA456A2821307400030024 /* Tutorials */,
				2EBA45602821305200030024 /* Assets.xcassets */,
				2E285F5628228A93001860D7 /* astronauts.json */,
				2E285F5528228A93001860D7 /* missions.json */,
				2EBA45622821305200030024 /* Preview Content */,
			);
			path = Moonshot;
			sourceTree = "<group>";
		};
		2EBA45622821305200030024 /* Preview Content */ = {
			isa = PBXGroup;
			children = (
				2EBA45632821305200030024 /* Preview Assets.xcassets */,
			);
			path = "Preview Content";
			sourceTree = "<group>";
		};
		2EBA456A2821307400030024 /* Tutorials */ = {
			isa = PBXGroup;
			children = (
				2EBA456B2821309D00030024 /* ResizingAndGeometryReader.swift */,
				2EBA456F28213E0200030024 /* PushingNewVies.swift */,
				2EBA456D2821355700030024 /* ScrollingData.swift */,
				2EBA45722821400C00030024 /* HierachicalCodableData.swift */,
				2EBA45742821444800030024 /* GridLayout.swift */,
			);
			path = Tutorials;
			sourceTree = "<group>";
		};
/* End PBXGroup section */

/* Begin PBXNativeTarget section */
		2EBA45582821304F00030024 /* Moonshot */ = {
			isa = PBXNativeTarget;
			buildConfigurationList = 2EBA45672821305200030024 /* Build configuration list for PBXNativeTarget "Moonshot" */;
			buildPhases = (
				2EBA45552821304F00030024 /* Sources */,
				2EBA45562821304F00030024 /* Frameworks */,
				2EBA45572821304F00030024 /* Resources */,
			);
			buildRules = (
			);
			dependencies = (
			);
			name = Moonshot;
			productName = Moonshot;
			productReference = 2EBA45592821304F00030024 /* Moonshot.app */;
			productType = "com.apple.product-type.application";
		};
/* End PBXNativeTarget section */

/* Begin PBXProject section */
		2EBA45512821304F00030024 /* Project object */ = {
			isa = PBXProject;
			attributes = {
				BuildIndependentTargetsInParallel = 1;
				LastSwiftUpdateCheck = 1330;
				LastUpgradeCheck = 1330;
				TargetAttributes = {
					2EBA45582821304F00030024 = {
						CreatedOnToolsVersion = 13.3.1;
					};
				};
			};
			buildConfigurationList = 2EBA45542821304F00030024 /* Build configuration list for PBXProject "Moonshot" */;
			compatibilityVersion = "Xcode 13.0";
			developmentRegion = en;
			hasScannedForEncodings = 0;
			knownRegions = (
				en,
				Base,
			);
			mainGroup = 2EBA45502821304F00030024;
			productRefGroup = 2EBA455A2821304F00030024 /* Products */;
			projectDirPath = "";
			projectRoot = "";
			targets = (
				2EBA45582821304F00030024 /* Moonshot */,
			);
		};
/* End PBXProject section */

/* Begin PBXResourcesBuildPhase section */
		2EBA45572821304F00030024 /* Resources */ = {
			isa = PBXResourcesBuildPhase;
			buildActionMask = 2147483647;
			files = (
				2EBA45642821305200030024 /* Preview Assets.xcassets in Resources */,
				2E285F5728228A93001860D7 /* missions.json in Resources */,
				2EBA45612821305200030024 /* Assets.xcassets in Resources */,
				2E285F5828228A93001860D7 /* astronauts.json in Resources */,
			);
			runOnlyForDeploymentPostprocessing = 0;
		};
/* End PBXResourcesBuildPhase section */

/* Begin PBXSourcesBuildPhase section */
		2EBA45552821304F00030024 /* Sources */ = {
			isa = PBXSourcesBuildPhase;
			buildActionMask = 2147483647;
			files = (
				2EBA455F2821304F00030024 /* HomeView.swift in Sources */,
				2EBA456E2821355700030024 /* ScrollingData.swift in Sources */,
				2E285F6228229A9D001860D7 /* Color-Theme.swift in Sources */,
				2E285F6028229680001860D7 /* Missions.swift in Sources */,
				2EFF97702824F32D009813EA /* CrewMember.swift in Sources */,
				2EBA456C2821309D00030024 /* ResizingAndGeometryReader.swift in Sources */,
				2E22DEC22823B20D008E476C /* MissionView.swift in Sources */,
				2E285F5C28228B05001860D7 /* Astronaut.swift in Sources */,
				2EBA457028213E0200030024 /* PushingNewVies.swift in Sources */,
				2E285F5E28228B57001860D7 /* Bundle-Decodable.swift in Sources */,
				2E22DEC42823BF5E008E476C /* AstronautView.swift in Sources */,
				2EBA45732821400C00030024 /* HierachicalCodableData.swift in Sources */,
				2EBA45752821444800030024 /* GridLayout.swift in Sources */,
				2EBA455D2821304F00030024 /* MoonshotApp.swift in Sources */,
			);
			runOnlyForDeploymentPostprocessing = 0;
		};
/* End PBXSourcesBuildPhase section */

/* Begin XCBuildConfiguration section */
		2EBA45652821305200030024 /* Debug */ = {
			isa = XCBuildConfiguration;
			buildSettings = {
				ALWAYS_SEARCH_USER_PATHS = NO;
				CLANG_ANALYZER_NONNULL = YES;
				CLANG_ANALYZER_NUMBER_OBJECT_CONVERSION = YES_AGGRESSIVE;
				CLANG_CXX_LANGUAGE_STANDARD = "gnu++17";
				CLANG_ENABLE_MODULES = YES;
				CLANG_ENABLE_OBJC_ARC = YES;
				CLANG_ENABLE_OBJC_WEAK = YES;
				CLANG_WARN_BLOCK_CAPTURE_AUTORELEASING = YES;
				CLANG_WARN_BOOL_CONVERSION = YES;
				CLANG_WARN_COMMA = YES;
				CLANG_WARN_CONSTANT_CONVERSION = YES;
				CLANG_WARN_DEPRECATED_OBJC_IMPLEMENTATIONS = YES;
				CLANG_WARN_DIRECT_OBJC_ISA_USAGE = YES_ERROR;
				CLANG_WARN_DOCUMENTATION_COMMENTS = YES;
				CLANG_WARN_EMPTY_BODY = YES;
				CLANG_WARN_ENUM_CONVERSION = YES;
				CLANG_WARN_INFINITE_RECURSION = YES;
				CLANG_WARN_INT_CONVERSION = YES;
				CLANG_WARN_NON_LITERAL_NULL_CONVERSION = YES;
				CLANG_WARN_OBJC_IMPLICIT_RETAIN_SELF = YES;
				CLANG_WARN_OBJC_LITERAL_CONVERSION = YES;
				CLANG_WARN_OBJC_ROOT_CLASS = YES_ERROR;
				CLANG_WARN_QUOTED_INCLUDE_IN_FRAMEWORK_HEADER = YES;
				CLANG_WARN_RANGE_LOOP_ANALYSIS = YES;
				CLANG_WARN_STRICT_PROTOTYPES = YES;
				CLANG_WARN_SUSPICIOUS_MOVE = YES;
				CLANG_WARN_UNGUARDED_AVAILABILITY = YES_AGGRESSIVE;
				CLANG_WARN_UNREACHABLE_CODE = YES;
				CLANG_WARN__DUPLICATE_METHOD_MATCH = YES;
				COPY_PHASE_STRIP = NO;
				DEBUG_INFORMATION_FORMAT = dwarf;
				ENABLE_STRICT_OBJC_MSGSEND = YES;
				ENABLE_TESTABILITY = YES;
				GCC_C_LANGUAGE_STANDARD = gnu11;
				GCC_DYNAMIC_NO_PIC = NO;
				GCC_NO_COMMON_BLOCKS = YES;
				GCC_OPTIMIZATION_LEVEL = 0;
				GCC_PREPROCESSOR_DEFINITIONS = (
					"DEBUG=1",
					"$(inherited)",
				);
				GCC_WARN_64_TO_32_BIT_CONVERSION = YES;
				GCC_WARN_ABOUT_RETURN_TYPE = YES_ERROR;
				GCC_WARN_UNDECLARED_SELECTOR = YES;
				GCC_WARN_UNINITIALIZED_AUTOS = YES_AGGRESSIVE;
				GCC_WARN_UNUSED_FUNCTION = YES;
				GCC_WARN_UNUSED_VARIABLE = YES;
				IPHONEOS_DEPLOYMENT_TARGET = 15.4;
				MTL_ENABLE_DEBUG_INFO = INCLUDE_SOURCE;
				MTL_FAST_MATH = YES;
				ONLY_ACTIVE_ARCH = YES;
				SDKROOT = iphoneos;
				SWIFT_ACTIVE_COMPILATION_CONDITIONS = DEBUG;
				SWIFT_OPTIMIZATION_LEVEL = "-Onone";
			};
			name = Debug;
		};
		2EBA45662821305200030024 /* Release */ = {
			isa = XCBuildConfiguration;
			buildSettings = {
				ALWAYS_SEARCH_USER_PATHS = NO;
				CLANG_ANALYZER_NONNULL = YES;
				CLANG_ANALYZER_NUMBER_OBJECT_CONVERSION = YES_AGGRESSIVE;
				CLANG_CXX_LANGUAGE_STANDARD = "gnu++17";
				CLANG_ENABLE_MODULES = YES;
				CLANG_ENABLE_OBJC_ARC = YES;
				CLANG_ENABLE_OBJC_WEAK = YES;
				CLANG_WARN_BLOCK_CAPTURE_AUTORELEASING = YES;
				CLANG_WARN_BOOL_CONVERSION = YES;
				CLANG_WARN_COMMA = YES;
				CLANG_WARN_CONSTANT_CONVERSION = YES;
				CLANG_WARN_DEPRECATED_OBJC_IMPLEMENTATIONS = YES;
				CLANG_WARN_DIRECT_OBJC_ISA_USAGE = YES_ERROR;
				CLANG_WARN_DOCUMENTATION_COMMENTS = YES;
				CLANG_WARN_EMPTY_BODY = YES;
				CLANG_WARN_ENUM_CONVERSION = YES;
				CLANG_WARN_INFINITE_RECURSION = YES;
				CLANG_WARN_INT_CONVERSION = YES;
				CLANG_WARN_NON_LITERAL_NULL_CONVERSION = YES;
				CLANG_WARN_OBJC_IMPLICIT_RETAIN_SELF = YES;
				CLANG_WARN_OBJC_LITERAL_CONVERSION = YES;
				CLANG_WARN_OBJC_ROOT_CLASS = YES_ERROR;
				CLANG_WARN_QUOTED_INCLUDE_IN_FRAMEWORK_HEADER = YES;
				CLANG_WARN_RANGE_LOOP_ANALYSIS = YES;
				CLANG_WARN_STRICT_PROTOTYPES = YES;
				CLANG_WARN_SUSPICIOUS_MOVE = YES;
				CLANG_WARN_UNGUARDED_AVAILABILITY = YES_AGGRESSIVE;
				CLANG_WARN_UNREACHABLE_CODE = YES;
				CLANG_WARN__DUPLICATE_METHOD_MATCH = YES;
				COPY_PHASE_STRIP = NO;
				DEBUG_INFORMATION_FORMAT = "dwarf-with-dsym";
				ENABLE_NS_ASSERTIONS = NO;
				ENABLE_STRICT_OBJC_MSGSEND = YES;
				GCC_C_LANGUAGE_STANDARD = gnu11;
				GCC_NO_COMMON_BLOCKS = YES;
				GCC_WARN_64_TO_32_BIT_CONVERSION = YES;
				GCC_WARN_ABOUT_RETURN_TYPE = YES_ERROR;
				GCC_WARN_UNDECLARED_SELECTOR = YES;
				GCC_WARN_UNINITIALIZED_AUTOS = YES_AGGRESSIVE;
				GCC_WARN_UNUSED_FUNCTION = YES;
				GCC_WARN_UNUSED_VARIABLE = YES;
				IPHONEOS_DEPLOYMENT_TARGET = 15.4;
				MTL_ENABLE_DEBUG_INFO = NO;
				MTL_FAST_MATH = YES;
				SDKROOT = iphoneos;
				SWIFT_COMPILATION_MODE = wholemodule;
				SWIFT_OPTIMIZATION_LEVEL = "-O";
				VALIDATE_PRODUCT = YES;
			};
			name = Release;
		};
		2EBA45682821305200030024 /* Debug */ = {
			isa = XCBuildConfiguration;
			buildSettings = {
				ASSETCATALOG_COMPILER_APPICON_NAME = AppIcon;
				ASSETCATALOG_COMPILER_GLOBAL_ACCENT_COLOR_NAME = AccentColor;
				CODE_SIGN_STYLE = Automatic;
				CURRENT_PROJECT_VERSION = 1;
				DEVELOPMENT_ASSET_PATHS = "\"Moonshot/Preview Content\"";
				DEVELOPMENT_TEAM = 6PALB6K8YY;
				ENABLE_PREVIEWS = YES;
				GENERATE_INFOPLIST_FILE = YES;
				INFOPLIST_KEY_UIApplicationSceneManifest_Generation = YES;
				INFOPLIST_KEY_UIApplicationSupportsIndirectInputEvents = YES;
				INFOPLIST_KEY_UILaunchScreen_Generation = YES;
				INFOPLIST_KEY_UISupportedInterfaceOrientations_iPad = "UIInterfaceOrientationPortrait UIInterfaceOrientationPortraitUpsideDown UIInterfaceOrientationLandscapeLeft UIInterfaceOrientationLandscapeRight";
				INFOPLIST_KEY_UISupportedInterfaceOrientations_iPhone = "UIInterfaceOrientationPortrait UIInterfaceOrientationLandscapeLeft UIInterfaceOrientationLandscapeRight";
				LD_RUNPATH_SEARCH_PATHS = (
					"$(inherited)",
					"@executable_path/Frameworks",
				);
				MARKETING_VERSION = 1.0;
				PRODUCT_BUNDLE_IDENTIFIER = com.devmehmetates.Moonshot;
				PRODUCT_NAME = "$(TARGET_NAME)";
				SWIFT_EMIT_LOC_STRINGS = YES;
				SWIFT_VERSION = 5.0;
				TARGETED_DEVICE_FAMILY = "1,2";
			};
			name = Debug;
		};
		2EBA45692821305200030024 /* Release */ = {
			isa = XCBuildConfiguration;
			buildSettings = {
				ASSETCATALOG_COMPILER_APPICON_NAME = AppIcon;
				ASSETCATALOG_COMPILER_GLOBAL_ACCENT_COLOR_NAME = AccentColor;
				CODE_SIGN_STYLE = Automatic;
				CURRENT_PROJECT_VERSION = 1;
				DEVELOPMENT_ASSET_PATHS = "\"Moonshot/Preview Content\"";
				DEVELOPMENT_TEAM = 6PALB6K8YY;
				ENABLE_PREVIEWS = YES;
				GENERATE_INFOPLIST_FILE = YES;
				INFOPLIST_KEY_UIApplicationSceneManifest_Generation = YES;
				INFOPLIST_KEY_UIApplicationSupportsIndirectInputEvents = YES;
				INFOPLIST_KEY_UILaunchScreen_Generation = YES;
				INFOPLIST_KEY_UISupportedInterfaceOrientations_iPad = "UIInterfaceOrientationPortrait UIInterfaceOrientationPortraitUpsideDown UIInterfaceOrientationLandscapeLeft UIInterfaceOrientationLandscapeRight";
				INFOPLIST_KEY_UISupportedInterfaceOrientations_iPhone = "UIInterfaceOrientationPortrait UIInterfaceOrientationLandscapeLeft UIInterfaceOrientationLandscapeRight";
				LD_RUNPATH_SEARCH_PATHS = (
					"$(inherited)",
					"@executable_path/Frameworks",
				);
				MARKETING_VERSION = 1.0;
				PRODUCT_BUNDLE_IDENTIFIER = com.devmehmetates.Moonshot;
				PRODUCT_NAME = "$(TARGET_NAME)";
				SWIFT_EMIT_LOC_STRINGS = YES;
				SWIFT_VERSION = 5.0;
				TARGETED_DEVICE_FAMILY = "1,2";
			};
			name = Release;
		};
/* End XCBuildConfiguration section */

/* Begin XCConfigurationList section */
		2EBA45542821304F00030024 /* Build configuration list for PBXProject "Moonshot" */ = {
			isa = XCConfigurationList;
			buildConfigurations = (
				2EBA45652821305200030024 /* Debug */,
				2EBA45662821305200030024 /* Release */,
			);
			defaultConfigurationIsVisible = 0;
			defaultConfigurationName = Release;
		};
		2EBA45672821305200030024 /* Build configuration list for PBXNativeTarget "Moonshot" */ = {
			isa = XCConfigurationList;
			buildConfigurations = (
				2EBA45682821305200030024 /* Debug */,
				2EBA45692821305200030024 /* Release */,
			);
			defaultConfigurationIsVisible = 0;
			defaultConfigurationName = Release;
		};
/* End XCConfigurationList section */
	};
	rootObject = 2EBA45512821304F00030024 /* Project object */;
}
