// !$*UTF8*$!
{
	archiveVersion = 1;
	classes = {
	};
	objectVersion = 55;
	objects = {

/* Begin PBXBuildFile section */
		2E9A63E0281DAC2D004B52D9 /* iExpenseApp.swift in Sources */ = {isa = PBXBuildFile; fileRef = 2E9A63DF281DAC2D004B52D9 /* iExpenseApp.swift */; };
		2E9A63E4281DAC30004B52D9 /* Assets.xcassets in Resources */ = {isa = PBXBuildFile; fileRef = 2E9A63E3281DAC30004B52D9 /* Assets.xcassets */; };
		2E9A63E7281DAC30004B52D9 /* Preview Assets.xcassets in Resources */ = {isa = PBXBuildFile; fileRef = 2E9A63E6281DAC30004B52D9 /* Preview Assets.xcassets */; };
		2E9A63EE281DAD53004B52D9 /* SecondView.swift in Sources */ = {isa = PBXBuildFile; fileRef = 2E9A63ED281DAD53004B52D9 /* SecondView.swift */; };
		2E9A63F1281DADCC004B52D9 /* MainTutorial.swift in Sources */ = {isa = PBXBuildFile; fileRef = 2E9A63F0281DADCC004B52D9 /* MainTutorial.swift */; };
		2E9A63F4281DADF8004B52D9 /* FirstView.swift in Sources */ = {isa = PBXBuildFile; fileRef = 2E9A63F3281DADF8004B52D9 /* FirstView.swift */; };
		2E9A63F7281DAED6004B52D9 /* DeleteWithOnDelete.swift in Sources */ = {isa = PBXBuildFile; fileRef = 2E9A63F6281DAED6004B52D9 /* DeleteWithOnDelete.swift */; };
		2E9A63F9281DAF9B004B52D9 /* UserDefaultsUsage.swift in Sources */ = {isa = PBXBuildFile; fileRef = 2E9A63F8281DAF9B004B52D9 /* UserDefaultsUsage.swift */; };
		2E9A63FC281DB1AB004B52D9 /* ArchivingWithCodable.swift in Sources */ = {isa = PBXBuildFile; fileRef = 2E9A63FB281DB1AB004B52D9 /* ArchivingWithCodable.swift */; };
/* End PBXBuildFile section */

/* Begin PBXFileReference section */
		2E9A63DC281DAC2D004B52D9 /* iExpense.app */ = {isa = PBXFileReference; explicitFileType = wrapper.application; includeInIndex = 0; path = iExpense.app; sourceTree = BUILT_PRODUCTS_DIR; };
		2E9A63DF281DAC2D004B52D9 /* iExpenseApp.swift */ = {isa = PBXFileReference; lastKnownFileType = sourcecode.swift; path = iExpenseApp.swift; sourceTree = "<group>"; };
		2E9A63E3281DAC30004B52D9 /* Assets.xcassets */ = {isa = PBXFileReference; lastKnownFileType = folder.assetcatalog; path = Assets.xcassets; sourceTree = "<group>"; };
		2E9A63E6281DAC30004B52D9 /* Preview Assets.xcassets */ = {isa = PBXFileReference; lastKnownFileType = folder.assetcatalog; path = "Preview Assets.xcassets"; sourceTree = "<group>"; };
		2E9A63ED281DAD53004B52D9 /* SecondView.swift */ = {isa = PBXFileReference; lastKnownFileType = sourcecode.swift; path = SecondView.swift; sourceTree = "<group>"; };
		2E9A63F0281DADCC004B52D9 /* MainTutorial.swift */ = {isa = PBXFileReference; lastKnownFileType = sourcecode.swift; path = MainTutorial.swift; sourceTree = "<group>"; };
		2E9A63F3281DADF8004B52D9 /* FirstView.swift */ = {isa = PBXFileReference; lastKnownFileType = sourcecode.swift; path = FirstView.swift; sourceTree = "<group>"; };
		2E9A63F6281DAED6004B52D9 /* DeleteWithOnDelete.swift */ = {isa = PBXFileReference; lastKnownFileType = sourcecode.swift; path = DeleteWithOnDelete.swift; sourceTree = "<group>"; };
		2E9A63F8281DAF9B004B52D9 /* UserDefaultsUsage.swift */ = {isa = PBXFileReference; lastKnownFileType = sourcecode.swift; path = UserDefaultsUsage.swift; sourceTree = "<group>"; };
		2E9A63FB281DB1AB004B52D9 /* ArchivingWithCodable.swift */ = {isa = PBXFileReference; lastKnownFileType = sourcecode.swift; path = ArchivingWithCodable.swift; sourceTree = "<group>"; };
/* End PBXFileReference section */

/* Begin PBXFrameworksBuildPhase section */
		2E9A63D9281DAC2D004B52D9 /* Frameworks */ = {
			isa = PBXFrameworksBuildPhase;
			buildActionMask = 2147483647;
			files = (
			);
			runOnlyForDeploymentPostprocessing = 0;
		};
/* End PBXFrameworksBuildPhase section */

/* Begin PBXGroup section */
		2E9A63D3281DAC2D004B52D9 = {
			isa = PBXGroup;
			children = (
				2E9A63DE281DAC2D004B52D9 /* iExpense */,
				2E9A63DD281DAC2D004B52D9 /* Products */,
			);
			sourceTree = "<group>";
		};
		2E9A63DD281DAC2D004B52D9 /* Products */ = {
			isa = PBXGroup;
			children = (
				2E9A63DC281DAC2D004B52D9 /* iExpense.app */,
			);
			name = Products;
			sourceTree = "<group>";
		};
		2E9A63DE281DAC2D004B52D9 /* iExpense */ = {
			isa = PBXGroup;
			children = (
				2E9A63EF281DADBB004B52D9 /* Tutorials */,
				2E9A63DF281DAC2D004B52D9 /* iExpenseApp.swift */,
				2E9A63E3281DAC30004B52D9 /* Assets.xcassets */,
				2E9A63E5281DAC30004B52D9 /* Preview Content */,
			);
			path = iExpense;
			sourceTree = "<group>";
		};
		2E9A63E5281DAC30004B52D9 /* Preview Content */ = {
			isa = PBXGroup;
			children = (
				2E9A63E6281DAC30004B52D9 /* Preview Assets.xcassets */,
			);
			path = "Preview Content";
			sourceTree = "<group>";
		};
		2E9A63EF281DADBB004B52D9 /* Tutorials */ = {
			isa = PBXGroup;
			children = (
				2E9A63FA281DB18D004B52D9 /* Codable */,
				2E9A63F5281DAEC4004B52D9 /* Events */,
				2E9A63F2281DADE8004B52D9 /* StateManagement */,
				2E9A63F0281DADCC004B52D9 /* MainTutorial.swift */,
			);
			path = Tutorials;
			sourceTree = "<group>";
		};
		2E9A63F2281DADE8004B52D9 /* StateManagement */ = {
			isa = PBXGroup;
			children = (
				2E9A63ED281DAD53004B52D9 /* SecondView.swift */,
				2E9A63F3281DADF8004B52D9 /* FirstView.swift */,
			);
			path = StateManagement;
			sourceTree = "<group>";
		};
		2E9A63F5281DAEC4004B52D9 /* Events */ = {
			isa = PBXGroup;
			children = (
				2E9A63F6281DAED6004B52D9 /* DeleteWithOnDelete.swift */,
				2E9A63F8281DAF9B004B52D9 /* UserDefaultsUsage.swift */,
			);
			path = Events;
			sourceTree = "<group>";
		};
		2E9A63FA281DB18D004B52D9 /* Codable */ = {
			isa = PBXGroup;
			children = (
				2E9A63FB281DB1AB004B52D9 /* ArchivingWithCodable.swift */,
			);
			path = Codable;
			sourceTree = "<group>";
		};
/* End PBXGroup section */

/* Begin PBXNativeTarget section */
		2E9A63DB281DAC2D004B52D9 /* iExpense */ = {
			isa = PBXNativeTarget;
			buildConfigurationList = 2E9A63EA281DAC30004B52D9 /* Build configuration list for PBXNativeTarget "iExpense" */;
			buildPhases = (
				2E9A63D8281DAC2D004B52D9 /* Sources */,
				2E9A63D9281DAC2D004B52D9 /* Frameworks */,
				2E9A63DA281DAC2D004B52D9 /* Resources */,
			);
			buildRules = (
			);
			dependencies = (
			);
			name = iExpense;
			productName = iExpense;
			productReference = 2E9A63DC281DAC2D004B52D9 /* iExpense.app */;
			productType = "com.apple.product-type.application";
		};
/* End PBXNativeTarget section */

/* Begin PBXProject section */
		2E9A63D4281DAC2D004B52D9 /* Project object */ = {
			isa = PBXProject;
			attributes = {
				BuildIndependentTargetsInParallel = 1;
				LastSwiftUpdateCheck = 1330;
				LastUpgradeCheck = 1330;
				TargetAttributes = {
					2E9A63DB281DAC2D004B52D9 = {
						CreatedOnToolsVersion = 13.3.1;
					};
				};
			};
			buildConfigurationList = 2E9A63D7281DAC2D004B52D9 /* Build configuration list for PBXProject "iExpense" */;
			compatibilityVersion = "Xcode 13.0";
			developmentRegion = en;
			hasScannedForEncodings = 0;
			knownRegions = (
				en,
				Base,
			);
			mainGroup = 2E9A63D3281DAC2D004B52D9;
			productRefGroup = 2E9A63DD281DAC2D004B52D9 /* Products */;
			projectDirPath = "";
			projectRoot = "";
			targets = (
				2E9A63DB281DAC2D004B52D9 /* iExpense */,
			);
		};
/* End PBXProject section */

/* Begin PBXResourcesBuildPhase section */
		2E9A63DA281DAC2D004B52D9 /* Resources */ = {
			isa = PBXResourcesBuildPhase;
			buildActionMask = 2147483647;
			files = (
				2E9A63E7281DAC30004B52D9 /* Preview Assets.xcassets in Resources */,
				2E9A63E4281DAC30004B52D9 /* Assets.xcassets in Resources */,
			);
			runOnlyForDeploymentPostprocessing = 0;
		};
/* End PBXResourcesBuildPhase section */

/* Begin PBXSourcesBuildPhase section */
		2E9A63D8281DAC2D004B52D9 /* Sources */ = {
			isa = PBXSourcesBuildPhase;
			buildActionMask = 2147483647;
			files = (
				2E9A63EE281DAD53004B52D9 /* SecondView.swift in Sources */,
				2E9A63FC281DB1AB004B52D9 /* ArchivingWithCodable.swift in Sources */,
				2E9A63F4281DADF8004B52D9 /* FirstView.swift in Sources */,
				2E9A63F9281DAF9B004B52D9 /* UserDefaultsUsage.swift in Sources */,
				2E9A63F1281DADCC004B52D9 /* MainTutorial.swift in Sources */,
				2E9A63E0281DAC2D004B52D9 /* iExpenseApp.swift in Sources */,
				2E9A63F7281DAED6004B52D9 /* DeleteWithOnDelete.swift in Sources */,
			);
			runOnlyForDeploymentPostprocessing = 0;
		};
/* End PBXSourcesBuildPhase section */

/* Begin XCBuildConfiguration section */
		2E9A63E8281DAC30004B52D9 /* Debug */ = {
			isa = XCBuildConfiguration;
			buildSettings = {
				ALWAYS_SEARCH_USER_PATHS = NO;
				CLANG_ANALYZER_NONNULL = YES;
				CLANG_ANALYZER_NUMBER_OBJECT_CONVERSION = YES_AGGRESSIVE;
				CLANG_CXX_LANGUAGE_STANDARD = "gnu++17";
				CLANG_ENABLE_MODULES = YES;
				CLANG_ENABLE_OBJC_ARC = YES;
				CLANG_ENABLE_OBJC_WEAK = YES;
				CLANG_WARN_BLOCK_CAPTURE_AUTORELEASING = YES;
				CLANG_WARN_BOOL_CONVERSION = YES;
				CLANG_WARN_COMMA = YES;
				CLANG_WARN_CONSTANT_CONVERSION = YES;
				CLANG_WARN_DEPRECATED_OBJC_IMPLEMENTATIONS = YES;
				CLANG_WARN_DIRECT_OBJC_ISA_USAGE = YES_ERROR;
				CLANG_WARN_DOCUMENTATION_COMMENTS = YES;
				CLANG_WARN_EMPTY_BODY = YES;
				CLANG_WARN_ENUM_CONVERSION = YES;
				CLANG_WARN_INFINITE_RECURSION = YES;
				CLANG_WARN_INT_CONVERSION = YES;
				CLANG_WARN_NON_LITERAL_NULL_CONVERSION = YES;
				CLANG_WARN_OBJC_IMPLICIT_RETAIN_SELF = YES;
				CLANG_WARN_OBJC_LITERAL_CONVERSION = YES;
				CLANG_WARN_OBJC_ROOT_CLASS = YES_ERROR;
				CLANG_WARN_QUOTED_INCLUDE_IN_FRAMEWORK_HEADER = YES;
				CLANG_WARN_RANGE_LOOP_ANALYSIS = YES;
				CLANG_WARN_STRICT_PROTOTYPES = YES;
				CLANG_WARN_SUSPICIOUS_MOVE = YES;
				CLANG_WARN_UNGUARDED_AVAILABILITY = YES_AGGRESSIVE;
				CLANG_WARN_UNREACHABLE_CODE = YES;
				CLANG_WARN__DUPLICATE_METHOD_MATCH = YES;
				COPY_PHASE_STRIP = NO;
				DEBUG_INFORMATION_FORMAT = dwarf;
				ENABLE_STRICT_OBJC_MSGSEND = YES;
				ENABLE_TESTABILITY = YES;
				GCC_C_LANGUAGE_STANDARD = gnu11;
				GCC_DYNAMIC_NO_PIC = NO;
				GCC_NO_COMMON_BLOCKS = YES;
				GCC_OPTIMIZATION_LEVEL = 0;
				GCC_PREPROCESSOR_DEFINITIONS = (
					"DEBUG=1",
					"$(inherited)",
				);
				GCC_WARN_64_TO_32_BIT_CONVERSION = YES;
				GCC_WARN_ABOUT_RETURN_TYPE = YES_ERROR;
				GCC_WARN_UNDECLARED_SELECTOR = YES;
				GCC_WARN_UNINITIALIZED_AUTOS = YES_AGGRESSIVE;
				GCC_WARN_UNUSED_FUNCTION = YES;
				GCC_WARN_UNUSED_VARIABLE = YES;
				IPHONEOS_DEPLOYMENT_TARGET = 15.4;
				MTL_ENABLE_DEBUG_INFO = INCLUDE_SOURCE;
				MTL_FAST_MATH = YES;
				ONLY_ACTIVE_ARCH = YES;
				SDKROOT = iphoneos;
				SWIFT_ACTIVE_COMPILATION_CONDITIONS = DEBUG;
				SWIFT_OPTIMIZATION_LEVEL = "-Onone";
			};
			name = Debug;
		};
		2E9A63E9281DAC30004B52D9 /* Release */ = {
			isa = XCBuildConfiguration;
			buildSettings = {
				ALWAYS_SEARCH_USER_PATHS = NO;
				CLANG_ANALYZER_NONNULL = YES;
				CLANG_ANALYZER_NUMBER_OBJECT_CONVERSION = YES_AGGRESSIVE;
				CLANG_CXX_LANGUAGE_STANDARD = "gnu++17";
				CLANG_ENABLE_MODULES = YES;
				CLANG_ENABLE_OBJC_ARC = YES;
				CLANG_ENABLE_OBJC_WEAK = YES;
				CLANG_WARN_BLOCK_CAPTURE_AUTORELEASING = YES;
				CLANG_WARN_BOOL_CONVERSION = YES;
				CLANG_WARN_COMMA = YES;
				CLANG_WARN_CONSTANT_CONVERSION = YES;
				CLANG_WARN_DEPRECATED_OBJC_IMPLEMENTATIONS = YES;
				CLANG_WARN_DIRECT_OBJC_ISA_USAGE = YES_ERROR;
				CLANG_WARN_DOCUMENTATION_COMMENTS = YES;
				CLANG_WARN_EMPTY_BODY = YES;
				CLANG_WARN_ENUM_CONVERSION = YES;
				CLANG_WARN_INFINITE_RECURSION = YES;
				CLANG_WARN_INT_CONVERSION = YES;
				CLANG_WARN_NON_LITERAL_NULL_CONVERSION = YES;
				CLANG_WARN_OBJC_IMPLICIT_RETAIN_SELF = YES;
				CLANG_WARN_OBJC_LITERAL_CONVERSION = YES;
				CLANG_WARN_OBJC_ROOT_CLASS = YES_ERROR;
				CLANG_WARN_QUOTED_INCLUDE_IN_FRAMEWORK_HEADER = YES;
				CLANG_WARN_RANGE_LOOP_ANALYSIS = YES;
				CLANG_WARN_STRICT_PROTOTYPES = YES;
				CLANG_WARN_SUSPICIOUS_MOVE = YES;
				CLANG_WARN_UNGUARDED_AVAILABILITY = YES_AGGRESSIVE;
				CLANG_WARN_UNREACHABLE_CODE = YES;
				CLANG_WARN__DUPLICATE_METHOD_MATCH = YES;
				COPY_PHASE_STRIP = NO;
				DEBUG_INFORMATION_FORMAT = "dwarf-with-dsym";
				ENABLE_NS_ASSERTIONS = NO;
				ENABLE_STRICT_OBJC_MSGSEND = YES;
				GCC_C_LANGUAGE_STANDARD = gnu11;
				GCC_NO_COMMON_BLOCKS = YES;
				GCC_WARN_64_TO_32_BIT_CONVERSION = YES;
				GCC_WARN_ABOUT_RETURN_TYPE = YES_ERROR;
				GCC_WARN_UNDECLARED_SELECTOR = YES;
				GCC_WARN_UNINITIALIZED_AUTOS = YES_AGGRESSIVE;
				GCC_WARN_UNUSED_FUNCTION = YES;
				GCC_WARN_UNUSED_VARIABLE = YES;
				IPHONEOS_DEPLOYMENT_TARGET = 15.4;
				MTL_ENABLE_DEBUG_INFO = NO;
				MTL_FAST_MATH = YES;
				SDKROOT = iphoneos;
				SWIFT_COMPILATION_MODE = wholemodule;
				SWIFT_OPTIMIZATION_LEVEL = "-O";
				VALIDATE_PRODUCT = YES;
			};
			name = Release;
		};
		2E9A63EB281DAC30004B52D9 /* Debug */ = {
			isa = XCBuildConfiguration;
			buildSettings = {
				ASSETCATALOG_COMPILER_APPICON_NAME = AppIcon;
				ASSETCATALOG_COMPILER_GLOBAL_ACCENT_COLOR_NAME = AccentColor;
				CODE_SIGN_STYLE = Automatic;
				CURRENT_PROJECT_VERSION = 1;
				DEVELOPMENT_ASSET_PATHS = "\"iExpense/Preview Content\"";
				DEVELOPMENT_TEAM = 6PALB6K8YY;
				ENABLE_PREVIEWS = YES;
				GENERATE_INFOPLIST_FILE = YES;
				INFOPLIST_KEY_UIApplicationSceneManifest_Generation = YES;
				INFOPLIST_KEY_UIApplicationSupportsIndirectInputEvents = YES;
				INFOPLIST_KEY_UILaunchScreen_Generation = YES;
				INFOPLIST_KEY_UISupportedInterfaceOrientations_iPad = "UIInterfaceOrientationPortrait UIInterfaceOrientationPortraitUpsideDown UIInterfaceOrientationLandscapeLeft UIInterfaceOrientationLandscapeRight";
				INFOPLIST_KEY_UISupportedInterfaceOrientations_iPhone = "UIInterfaceOrientationPortrait UIInterfaceOrientationLandscapeLeft UIInterfaceOrientationLandscapeRight";
				LD_RUNPATH_SEARCH_PATHS = (
					"$(inherited)",
					"@executable_path/Frameworks",
				);
				MARKETING_VERSION = 1.0;
				PRODUCT_BUNDLE_IDENTIFIER = com.devmehmetates.iExpense;
				PRODUCT_NAME = "$(TARGET_NAME)";
				SWIFT_EMIT_LOC_STRINGS = YES;
				SWIFT_VERSION = 5.0;
				TARGETED_DEVICE_FAMILY = "1,2";
			};
			name = Debug;
		};
		2E9A63EC281DAC30004B52D9 /* Release */ = {
			isa = XCBuildConfiguration;
			buildSettings = {
				ASSETCATALOG_COMPILER_APPICON_NAME = AppIcon;
				ASSETCATALOG_COMPILER_GLOBAL_ACCENT_COLOR_NAME = AccentColor;
				CODE_SIGN_STYLE = Automatic;
				CURRENT_PROJECT_VERSION = 1;
				DEVELOPMENT_ASSET_PATHS = "\"iExpense/Preview Content\"";
				DEVELOPMENT_TEAM = 6PALB6K8YY;
				ENABLE_PREVIEWS = YES;
				GENERATE_INFOPLIST_FILE = YES;
				INFOPLIST_KEY_UIApplicationSceneManifest_Generation = YES;
				INFOPLIST_KEY_UIApplicationSupportsIndirectInputEvents = YES;
				INFOPLIST_KEY_UILaunchScreen_Generation = YES;
				INFOPLIST_KEY_UISupportedInterfaceOrientations_iPad = "UIInterfaceOrientationPortrait UIInterfaceOrientationPortraitUpsideDown UIInterfaceOrientationLandscapeLeft UIInterfaceOrientationLandscapeRight";
				INFOPLIST_KEY_UISupportedInterfaceOrientations_iPhone = "UIInterfaceOrientationPortrait UIInterfaceOrientationLandscapeLeft UIInterfaceOrientationLandscapeRight";
				LD_RUNPATH_SEARCH_PATHS = (
					"$(inherited)",
					"@executable_path/Frameworks",
				);
				MARKETING_VERSION = 1.0;
				PRODUCT_BUNDLE_IDENTIFIER = com.devmehmetates.iExpense;
				PRODUCT_NAME = "$(TARGET_NAME)";
				SWIFT_EMIT_LOC_STRINGS = YES;
				SWIFT_VERSION = 5.0;
				TARGETED_DEVICE_FAMILY = "1,2";
			};
			name = Release;
		};
/* End XCBuildConfiguration section */

/* Begin XCConfigurationList section */
		2E9A63D7281DAC2D004B52D9 /* Build configuration list for PBXProject "iExpense" */ = {
			isa = XCConfigurationList;
			buildConfigurations = (
				2E9A63E8281DAC30004B52D9 /* Debug */,
				2E9A63E9281DAC30004B52D9 /* Release */,
			);
			defaultConfigurationIsVisible = 0;
			defaultConfigurationName = Release;
		};
		2E9A63EA281DAC30004B52D9 /* Build configuration list for PBXNativeTarget "iExpense" */ = {
			isa = XCConfigurationList;
			buildConfigurations = (
				2E9A63EB281DAC30004B52D9 /* Debug */,
				2E9A63EC281DAC30004B52D9 /* Release */,
			);
			defaultConfigurationIsVisible = 0;
			defaultConfigurationName = Release;
		};
/* End XCConfigurationList section */
	};
	rootObject = 2E9A63D4281DAC2D004B52D9 /* Project object */;
}
